
Microsoft Visual Studio Solution File, Format Version 12.00
# Visual Studio Version 17
VisualStudioVersion = 17.1.32210.238
MinimumVisualStudioVersion = 10.0.40219.1
Project("{2150E333-8FDC-42A3-9474-1A3956D46DE8}") = "Plugins", "Plugins", "{285E656E-D902-42A0-B5E5-F797CEE51E1A}"
EndProject
Project("{FAE04EC0-301F-11D3-BF4B-00C04F79EFBC}") = "FileManager", "Remote Access Tool\Plugins\FileManager\FileManager.csproj", "{08BF3C47-16A4-4D13-9A5B-3130F29CC180}"
EndProject
Project("{FAE04EC0-301F-11D3-BF4B-00C04F79EFBC}") = "PacketLib", "Remote Access Tool\PacketLib\PacketLib.csproj", "{81E3752A-0AC1-4EB4-8B5F-81EEA8FFB0FF}"
EndProject
Project("{FAE04EC0-301F-11D3-BF4B-00C04F79EFBC}") = "Client", "Remote Access Tool\Client\Client.csproj", "{6CC57E66-AB6C-4908-81DA-29A45596F5CA}"
EndProject
Project("{FAE04EC0-301F-11D3-BF4B-00C04F79EFBC}") = "Keylogger", "Remote Access Tool\Plugins\Keylogger\Keylogger.csproj", "{D60C7327-79D4-4525-95D9-ADD6B55986A8}"
EndProject
Project("{FAE04EC0-301F-11D3-BF4B-00C04F79EFBC}") = "ProcessManager", "Remote Access Tool\Plugins\ProcessManager\ProcessManager.csproj", "{D0B4F8E5-B2FE-4546-8468-1AF08B82B50C}"
EndProject
Project("{FAE04EC0-301F-11D3-BF4B-00C04F79EFBC}") = "Stealer", "Remote Access Tool\Plugins\Stealer\Stealer.csproj", "{57239258-19E3-4B07-854C-8B0A3221C45A}"
EndProject
Project("{FAE04EC0-301F-11D3-BF4B-00C04F79EFBC}") = "MemoryExecution", "Remote Access Tool\Plugins\MemoryExecution\MemoryExecution.csproj", "{0607E970-CC93-4A2A-83CA-53B9D537C96E}"
EndProject
Project("{FAE04EC0-301F-11D3-BF4B-00C04F79EFBC}") = "OfflineKeylogger", "Remote Access Tool\Plugins\OffKeylogger\OfflineKeylogger.csproj", "{A2C534E0-70E1-4229-B6E5-F91EDE820789}"
EndProject
Project("{FAE04EC0-301F-11D3-BF4B-00C04F79EFBC}") = "Persistence", "Remote Access Tool\Plugins\Persistence\Persistence.csproj", "{354D5D01-64BA-40D8-BF97-659FEFF41EFB}"
EndProject
Project("{FAE04EC0-301F-11D3-BF4B-00C04F79EFBC}") = "Eagle Monitor RAT Reborn", "Remote Access Tool\Eagle Monitor\Eagle Monitor RAT Reborn.csproj", "{D18EDB8E-8441-48E8-9F89-518824F759E2}"
EndProject
Project("{FAE04EC0-301F-11D3-BF4B-00C04F79EFBC}") = "Eagle Monitor Configurator", "Remote Access Tool\Eagle Monitor Configurator\Eagle Monitor Configurator.csproj", "{61B25B01-C289-4026-98F4-1A699D1450E5}"
EndProject
Project("{FAE04EC0-301F-11D3-BF4B-00C04F79EFBC}") = "PowerManager", "Remote Access Tool\Plugins\PowerManager\PowerManager.csproj", "{DCD28797-E01E-48F7-942C-6E01DF1DD9E9}"
EndProject
Project("{FAE04EC0-301F-11D3-BF4B-00C04F79EFBC}") = "Miscellaneous", "Remote Access Tool\Plugins\Miscellaneous\Miscellaneous.csproj", "{EAEC4642-636D-4312-8903-D70157A8E91C}"
EndProject
Project("{FAE04EC0-301F-11D3-BF4B-00C04F79EFBC}") = "RemoteDesktop", "Remote Access Tool\Plugins\RemoteDesktop\RemoteDesktop.csproj", "{5389698F-E221-466D-8682-8F289C44F1DD}"
EndProject
Project("{FAE04EC0-301F-11D3-BF4B-00C04F79EFBC}") = "RemoteCamera", "Remote Access Tool\Plugins\RemoteCamera\RemoteCamera.csproj", "{B06314F2-338E-4E66-ACAA-A107A777A7B5}"
EndProject
Project("{FAE04EC0-301F-11D3-BF4B-00C04F79EFBC}") = "Hardware", "Remote Access Tool\Plugins\Hardware\Hardware.csproj", "{2CC85CB5-442E-4CC2-A905-D6DEDBC1EC32}"
EndProject
Project("{FAE04EC0-301F-11D3-BF4B-00C04F79EFBC}") = "Information", "Remote Access Tool\Plugins\Information\Information.csproj", "{8AF7E48F-4AE9-46E3-8D94-ECB557E6A47B}"
EndProject
Project("{FAE04EC0-301F-11D3-BF4B-00C04F79EFBC}") = "HookHardware", "Remote Access Tool\HookHardware\HookHardware.csproj", "{64C6E036-FF80-4F45-87F6-0A9996131FA1}"
EndProject
Project("{FAE04EC0-301F-11D3-BF4B-00C04F79EFBC}") = "ScreenLocker", "Remote Access Tool\Plugins\ScreenLocker\ScreenLocker.csproj", "{8E4B128D-A9A9-4BCC-B87D-5FA50EC07261}"
EndProject
Project("{F184B08F-C81C-45F6-A57F-5ABD9991F28F}") = "ClientVB", "Remote Access Tool\ClientVB\ClientVB.vbproj", "{7479A1EC-2F07-476A-8C29-5073E1AF4731}"
EndProject
Project("{FAE04EC0-301F-11D3-BF4B-00C04F79EFBC}") = "Eagle Monitor Tasks Configurator", "Remote Access Tool\Eagle Monitor Tasks Configurator\Eagle Monitor Tasks Configurator.csproj", "{A16C0DA6-72CE-4A36-8EB2-08B3199F327C}"
EndProject
Project("{FAE04EC0-301F-11D3-BF4B-00C04F79EFBC}") = "Cryptography", "Remote Access Tool\Plugins\Encryption\Cryptography.csproj", "{3222AAD9-01C9-4E08-A9F7-F51B1EAE9E50}"
EndProject
Project("{FAE04EC0-301F-11D3-BF4B-00C04F79EFBC}") = "StartupTask", "Remote Access Tool\StartupTask\StartupTask.csproj", "{1A5A5FAB-0327-4E0D-BB1C-0373631DD710}"
EndProject
Project("{FAE04EC0-301F-11D3-BF4B-00C04F79EFBC}") = "Eagle Monitor Builder", "Remote Access Tool\Eagle Monitor Builder\Eagle Monitor Builder.csproj", "{D05F2ACC-82EA-4B91-948F-D17B9A3B5BF4}"
EndProject
Project("{8BC9CEB8-8B4A-11D0-8D11-00A0C91BC942}") = "CPU", "Remote Access Tool\Plugins\CPU\CPU.vcxproj", "{8249FC51-35C1-4141-8AAF-796FD81414EF}"
EndProject
Project("{FAE04EC0-301F-11D3-BF4B-00C04F79EFBC}") = "ClientDll", "Remote Access Tool\ClientDll\ClientDll.csproj", "{870EF805-B77B-49E3-9BF3-F79266EC4B6B}"
EndProject
Project("{F184B08F-C81C-45F6-A57F-5ABD9991F28F}") = "ClientVBDll", "Remote Access Tool\ClientVBDll\ClientVBDll.vbproj", "{BB36F621-A416-49C3-A18F-F82726B8BBBE}"
EndProject
Project("{FAE04EC0-301F-11D3-BF4B-00C04F79EFBC}") = "AudioRecording", "Remote Access Tool\Plugins\AudioRecording\AudioRecording.csproj", "{37FCC79C-BC7C-4481-8E5B-9C0CE4496D11}"
EndProject
Project("{FAE04EC0-301F-11D3-BF4B-00C04F79EFBC}") = "Eagle Monitor RAT Updater", "Remote Access Tool\Updater\Eagle Monitor RAT Updater.csproj", "{B694DB1A-E35F-407C-AB2C-E6AFA6AD9613}"
EndProject
Project("{FAE04EC0-301F-11D3-BF4B-00C04F79EFBC}") = "Chat", "Remote Access Tool\Plugins\Chat\Chat.csproj", "{773A4D23-189D-4353-BF37-515591E16F5A}"
EndProject
Global
	GlobalSection(SolutionConfigurationPlatforms) = preSolution
		Debug|Any CPU = Debug|Any CPU
		Debug|x64 = Debug|x64
		Debug|x86 = Debug|x86
		Release|Any CPU = Release|Any CPU
		Release|x64 = Release|x64
		Release|x86 = Release|x86
	EndGlobalSection
	GlobalSection(ProjectConfigurationPlatforms) = postSolution
		{08BF3C47-16A4-4D13-9A5B-3130F29CC180}.Debug|Any CPU.ActiveCfg = Debug|Any CPU
		{08BF3C47-16A4-4D13-9A5B-3130F29CC180}.Debug|Any CPU.Build.0 = Debug|Any CPU
		{08BF3C47-16A4-4D13-9A5B-3130F29CC180}.Debug|x64.ActiveCfg = Debug|Any CPU
		{08BF3C47-16A4-4D13-9A5B-3130F29CC180}.Debug|x64.Build.0 = Debug|Any CPU
		{08BF3C47-16A4-4D13-9A5B-3130F29CC180}.Debug|x86.ActiveCfg = Debug|Any CPU
		{08BF3C47-16A4-4D13-9A5B-3130F29CC180}.Debug|x86.Build.0 = Debug|Any CPU
		{08BF3C47-16A4-4D13-9A5B-3130F29CC180}.Release|Any CPU.ActiveCfg = Release|Any CPU
		{08BF3C47-16A4-4D13-9A5B-3130F29CC180}.Release|Any CPU.Build.0 = Release|Any CPU
		{08BF3C47-16A4-4D13-9A5B-3130F29CC180}.Release|x64.ActiveCfg = Release|Any CPU
		{08BF3C47-16A4-4D13-9A5B-3130F29CC180}.Release|x64.Build.0 = Release|Any CPU
		{08BF3C47-16A4-4D13-9A5B-3130F29CC180}.Release|x86.ActiveCfg = Release|Any CPU
		{08BF3C47-16A4-4D13-9A5B-3130F29CC180}.Release|x86.Build.0 = Release|Any CPU
		{81E3752A-0AC1-4EB4-8B5F-81EEA8FFB0FF}.Debug|Any CPU.ActiveCfg = Debug|Any CPU
		{81E3752A-0AC1-4EB4-8B5F-81EEA8FFB0FF}.Debug|Any CPU.Build.0 = Debug|Any CPU
		{81E3752A-0AC1-4EB4-8B5F-81EEA8FFB0FF}.Debug|x64.ActiveCfg = Debug|Any CPU
		{81E3752A-0AC1-4EB4-8B5F-81EEA8FFB0FF}.Debug|x64.Build.0 = Debug|Any CPU
		{81E3752A-0AC1-4EB4-8B5F-81EEA8FFB0FF}.Debug|x86.ActiveCfg = Debug|Any CPU
		{81E3752A-0AC1-4EB4-8B5F-81EEA8FFB0FF}.Debug|x86.Build.0 = Debug|Any CPU
		{81E3752A-0AC1-4EB4-8B5F-81EEA8FFB0FF}.Release|Any CPU.ActiveCfg = Release|Any CPU
		{81E3752A-0AC1-4EB4-8B5F-81EEA8FFB0FF}.Release|Any CPU.Build.0 = Release|Any CPU
		{81E3752A-0AC1-4EB4-8B5F-81EEA8FFB0FF}.Release|x64.ActiveCfg = Release|Any CPU
		{81E3752A-0AC1-4EB4-8B5F-81EEA8FFB0FF}.Release|x64.Build.0 = Release|Any CPU
		{81E3752A-0AC1-4EB4-8B5F-81EEA8FFB0FF}.Release|x86.ActiveCfg = Release|Any CPU
		{81E3752A-0AC1-4EB4-8B5F-81EEA8FFB0FF}.Release|x86.Build.0 = Release|Any CPU
		{6CC57E66-AB6C-4908-81DA-29A45596F5CA}.Debug|Any CPU.ActiveCfg = Debug|Any CPU
		{6CC57E66-AB6C-4908-81DA-29A45596F5CA}.Debug|Any CPU.Build.0 = Debug|Any CPU
		{6CC57E66-AB6C-4908-81DA-29A45596F5CA}.Debug|x64.ActiveCfg = Debug|x64
		{6CC57E66-AB6C-4908-81DA-29A45596F5CA}.Debug|x64.Build.0 = Debug|x64
		{6CC57E66-AB6C-4908-81DA-29A45596F5CA}.Debug|x86.ActiveCfg = Debug|Any CPU
		{6CC57E66-AB6C-4908-81DA-29A45596F5CA}.Debug|x86.Build.0 = Debug|Any CPU
		{6CC57E66-AB6C-4908-81DA-29A45596F5CA}.Release|Any CPU.ActiveCfg = Release|Any CPU
		{6CC57E66-AB6C-4908-81DA-29A45596F5CA}.Release|Any CPU.Build.0 = Release|Any CPU
		{6CC57E66-AB6C-4908-81DA-29A45596F5CA}.Release|x64.ActiveCfg = Release|x64
		{6CC57E66-AB6C-4908-81DA-29A45596F5CA}.Release|x64.Build.0 = Release|x64
		{6CC57E66-AB6C-4908-81DA-29A45596F5CA}.Release|x86.ActiveCfg = Release|Any CPU
		{6CC57E66-AB6C-4908-81DA-29A45596F5CA}.Release|x86.Build.0 = Release|Any CPU
		{D60C7327-79D4-4525-95D9-ADD6B55986A8}.Debug|Any CPU.ActiveCfg = Debug|Any CPU
		{D60C7327-79D4-4525-95D9-ADD6B55986A8}.Debug|Any CPU.Build.0 = Debug|Any CPU
		{D60C7327-79D4-4525-95D9-ADD6B55986A8}.Debug|x64.ActiveCfg = Debug|Any CPU
		{D60C7327-79D4-4525-95D9-ADD6B55986A8}.Debug|x64.Build.0 = Debug|Any CPU
		{D60C7327-79D4-4525-95D9-ADD6B55986A8}.Debug|x86.ActiveCfg = Debug|Any CPU
		{D60C7327-79D4-4525-95D9-ADD6B55986A8}.Debug|x86.Build.0 = Debug|Any CPU
		{D60C7327-79D4-4525-95D9-ADD6B55986A8}.Release|Any CPU.ActiveCfg = Release|Any CPU
		{D60C7327-79D4-4525-95D9-ADD6B55986A8}.Release|Any CPU.Build.0 = Release|Any CPU
		{D60C7327-79D4-4525-95D9-ADD6B55986A8}.Release|x64.ActiveCfg = Release|Any CPU
		{D60C7327-79D4-4525-95D9-ADD6B55986A8}.Release|x64.Build.0 = Release|Any CPU
		{D60C7327-79D4-4525-95D9-ADD6B55986A8}.Release|x86.ActiveCfg = Release|Any CPU
		{D60C7327-79D4-4525-95D9-ADD6B55986A8}.Release|x86.Build.0 = Release|Any CPU
		{D0B4F8E5-B2FE-4546-8468-1AF08B82B50C}.Debug|Any CPU.ActiveCfg = Debug|Any CPU
		{D0B4F8E5-B2FE-4546-8468-1AF08B82B50C}.Debug|Any CPU.Build.0 = Debug|Any CPU
		{D0B4F8E5-B2FE-4546-8468-1AF08B82B50C}.Debug|x64.ActiveCfg = Debug|Any CPU
		{D0B4F8E5-B2FE-4546-8468-1AF08B82B50C}.Debug|x64.Build.0 = Debug|Any CPU
		{D0B4F8E5-B2FE-4546-8468-1AF08B82B50C}.Debug|x86.ActiveCfg = Debug|Any CPU
		{D0B4F8E5-B2FE-4546-8468-1AF08B82B50C}.Debug|x86.Build.0 = Debug|Any CPU
		{D0B4F8E5-B2FE-4546-8468-1AF08B82B50C}.Release|Any CPU.ActiveCfg = Release|Any CPU
		{D0B4F8E5-B2FE-4546-8468-1AF08B82B50C}.Release|Any CPU.Build.0 = Release|Any CPU
		{D0B4F8E5-B2FE-4546-8468-1AF08B82B50C}.Release|x64.ActiveCfg = Release|Any CPU
		{D0B4F8E5-B2FE-4546-8468-1AF08B82B50C}.Release|x64.Build.0 = Release|Any CPU
		{D0B4F8E5-B2FE-4546-8468-1AF08B82B50C}.Release|x86.ActiveCfg = Release|Any CPU
		{D0B4F8E5-B2FE-4546-8468-1AF08B82B50C}.Release|x86.Build.0 = Release|Any CPU
		{57239258-19E3-4B07-854C-8B0A3221C45A}.Debug|Any CPU.ActiveCfg = Debug|Any CPU
		{57239258-19E3-4B07-854C-8B0A3221C45A}.Debug|Any CPU.Build.0 = Debug|Any CPU
		{57239258-19E3-4B07-854C-8B0A3221C45A}.Debug|x64.ActiveCfg = Debug|Any CPU
		{57239258-19E3-4B07-854C-8B0A3221C45A}.Debug|x64.Build.0 = Debug|Any CPU
		{57239258-19E3-4B07-854C-8B0A3221C45A}.Debug|x86.ActiveCfg = Debug|Any CPU
		{57239258-19E3-4B07-854C-8B0A3221C45A}.Debug|x86.Build.0 = Debug|Any CPU
		{57239258-19E3-4B07-854C-8B0A3221C45A}.Release|Any CPU.ActiveCfg = Release|Any CPU
		{57239258-19E3-4B07-854C-8B0A3221C45A}.Release|Any CPU.Build.0 = Release|Any CPU
		{57239258-19E3-4B07-854C-8B0A3221C45A}.Release|x64.ActiveCfg = Release|Any CPU
		{57239258-19E3-4B07-854C-8B0A3221C45A}.Release|x64.Build.0 = Release|Any CPU
		{57239258-19E3-4B07-854C-8B0A3221C45A}.Release|x86.ActiveCfg = Release|Any CPU
		{57239258-19E3-4B07-854C-8B0A3221C45A}.Release|x86.Build.0 = Release|Any CPU
		{0607E970-CC93-4A2A-83CA-53B9D537C96E}.Debug|Any CPU.ActiveCfg = Debug|Any CPU
		{0607E970-CC93-4A2A-83CA-53B9D537C96E}.Debug|Any CPU.Build.0 = Debug|Any CPU
		{0607E970-CC93-4A2A-83CA-53B9D537C96E}.Debug|x64.ActiveCfg = Debug|Any CPU
		{0607E970-CC93-4A2A-83CA-53B9D537C96E}.Debug|x64.Build.0 = Debug|Any CPU
		{0607E970-CC93-4A2A-83CA-53B9D537C96E}.Debug|x86.ActiveCfg = Debug|Any CPU
		{0607E970-CC93-4A2A-83CA-53B9D537C96E}.Debug|x86.Build.0 = Debug|Any CPU
		{0607E970-CC93-4A2A-83CA-53B9D537C96E}.Release|Any CPU.ActiveCfg = Release|Any CPU
		{0607E970-CC93-4A2A-83CA-53B9D537C96E}.Release|Any CPU.Build.0 = Release|Any CPU
		{0607E970-CC93-4A2A-83CA-53B9D537C96E}.Release|x64.ActiveCfg = Release|Any CPU
		{0607E970-CC93-4A2A-83CA-53B9D537C96E}.Release|x64.Build.0 = Release|Any CPU
		{0607E970-CC93-4A2A-83CA-53B9D537C96E}.Release|x86.ActiveCfg = Release|Any CPU
		{0607E970-CC93-4A2A-83CA-53B9D537C96E}.Release|x86.Build.0 = Release|Any CPU
		{A2C534E0-70E1-4229-B6E5-F91EDE820789}.Debug|Any CPU.ActiveCfg = Debug|Any CPU
		{A2C534E0-70E1-4229-B6E5-F91EDE820789}.Debug|Any CPU.Build.0 = Debug|Any CPU
		{A2C534E0-70E1-4229-B6E5-F91EDE820789}.Debug|x64.ActiveCfg = Debug|Any CPU
		{A2C534E0-70E1-4229-B6E5-F91EDE820789}.Debug|x64.Build.0 = Debug|Any CPU
		{A2C534E0-70E1-4229-B6E5-F91EDE820789}.Debug|x86.ActiveCfg = Debug|Any CPU
		{A2C534E0-70E1-4229-B6E5-F91EDE820789}.Debug|x86.Build.0 = Debug|Any CPU
		{A2C534E0-70E1-4229-B6E5-F91EDE820789}.Release|Any CPU.ActiveCfg = Release|Any CPU
		{A2C534E0-70E1-4229-B6E5-F91EDE820789}.Release|Any CPU.Build.0 = Release|Any CPU
		{A2C534E0-70E1-4229-B6E5-F91EDE820789}.Release|x64.ActiveCfg = Release|Any CPU
		{A2C534E0-70E1-4229-B6E5-F91EDE820789}.Release|x64.Build.0 = Release|Any CPU
		{A2C534E0-70E1-4229-B6E5-F91EDE820789}.Release|x86.ActiveCfg = Release|Any CPU
		{A2C534E0-70E1-4229-B6E5-F91EDE820789}.Release|x86.Build.0 = Release|Any CPU
		{354D5D01-64BA-40D8-BF97-659FEFF41EFB}.Debug|Any CPU.ActiveCfg = Debug|Any CPU
		{354D5D01-64BA-40D8-BF97-659FEFF41EFB}.Debug|Any CPU.Build.0 = Debug|Any CPU
		{354D5D01-64BA-40D8-BF97-659FEFF41EFB}.Debug|x64.ActiveCfg = Debug|Any CPU
		{354D5D01-64BA-40D8-BF97-659FEFF41EFB}.Debug|x64.Build.0 = Debug|Any CPU
		{354D5D01-64BA-40D8-BF97-659FEFF41EFB}.Debug|x86.ActiveCfg = Debug|Any CPU
		{354D5D01-64BA-40D8-BF97-659FEFF41EFB}.Debug|x86.Build.0 = Debug|Any CPU
		{354D5D01-64BA-40D8-BF97-659FEFF41EFB}.Release|Any CPU.ActiveCfg = Release|Any CPU
		{354D5D01-64BA-40D8-BF97-659FEFF41EFB}.Release|Any CPU.Build.0 = Release|Any CPU
		{354D5D01-64BA-40D8-BF97-659FEFF41EFB}.Release|x64.ActiveCfg = Release|Any CPU
		{354D5D01-64BA-40D8-BF97-659FEFF41EFB}.Release|x64.Build.0 = Release|Any CPU
		{354D5D01-64BA-40D8-BF97-659FEFF41EFB}.Release|x86.ActiveCfg = Release|Any CPU
		{354D5D01-64BA-40D8-BF97-659FEFF41EFB}.Release|x86.Build.0 = Release|Any CPU
		{D18EDB8E-8441-48E8-9F89-518824F759E2}.Debug|Any CPU.ActiveCfg = Debug|Any CPU
		{D18EDB8E-8441-48E8-9F89-518824F759E2}.Debug|Any CPU.Build.0 = Debug|Any CPU
		{D18EDB8E-8441-48E8-9F89-518824F759E2}.Debug|x64.ActiveCfg = Debug|Any CPU
		{D18EDB8E-8441-48E8-9F89-518824F759E2}.Debug|x64.Build.0 = Debug|Any CPU
		{D18EDB8E-8441-48E8-9F89-518824F759E2}.Debug|x86.ActiveCfg = Debug|Any CPU
		{D18EDB8E-8441-48E8-9F89-518824F759E2}.Debug|x86.Build.0 = Debug|Any CPU
		{D18EDB8E-8441-48E8-9F89-518824F759E2}.Release|Any CPU.ActiveCfg = Release|Any CPU
		{D18EDB8E-8441-48E8-9F89-518824F759E2}.Release|Any CPU.Build.0 = Release|Any CPU
		{D18EDB8E-8441-48E8-9F89-518824F759E2}.Release|x64.ActiveCfg = Release|Any CPU
		{D18EDB8E-8441-48E8-9F89-518824F759E2}.Release|x64.Build.0 = Release|Any CPU
		{D18EDB8E-8441-48E8-9F89-518824F759E2}.Release|x86.ActiveCfg = Release|Any CPU
		{D18EDB8E-8441-48E8-9F89-518824F759E2}.Release|x86.Build.0 = Release|Any CPU
		{61B25B01-C289-4026-98F4-1A699D1450E5}.Debug|Any CPU.ActiveCfg = Debug|Any CPU
		{61B25B01-C289-4026-98F4-1A699D1450E5}.Debug|Any CPU.Build.0 = Debug|Any CPU
		{61B25B01-C289-4026-98F4-1A699D1450E5}.Debug|x64.ActiveCfg = Debug|Any CPU
		{61B25B01-C289-4026-98F4-1A699D1450E5}.Debug|x64.Build.0 = Debug|Any CPU
		{61B25B01-C289-4026-98F4-1A699D1450E5}.Debug|x86.ActiveCfg = Debug|Any CPU
		{61B25B01-C289-4026-98F4-1A699D1450E5}.Debug|x86.Build.0 = Debug|Any CPU
		{61B25B01-C289-4026-98F4-1A699D1450E5}.Release|Any CPU.ActiveCfg = Release|Any CPU
		{61B25B01-C289-4026-98F4-1A699D1450E5}.Release|Any CPU.Build.0 = Release|Any CPU
		{61B25B01-C289-4026-98F4-1A699D1450E5}.Release|x64.ActiveCfg = Release|Any CPU
		{61B25B01-C289-4026-98F4-1A699D1450E5}.Release|x64.Build.0 = Release|Any CPU
		{61B25B01-C289-4026-98F4-1A699D1450E5}.Release|x86.ActiveCfg = Release|Any CPU
		{61B25B01-C289-4026-98F4-1A699D1450E5}.Release|x86.Build.0 = Release|Any CPU
		{DCD28797-E01E-48F7-942C-6E01DF1DD9E9}.Debug|Any CPU.ActiveCfg = Debug|Any CPU
		{DCD28797-E01E-48F7-942C-6E01DF1DD9E9}.Debug|Any CPU.Build.0 = Debug|Any CPU
		{DCD28797-E01E-48F7-942C-6E01DF1DD9E9}.Debug|x64.ActiveCfg = Debug|Any CPU
		{DCD28797-E01E-48F7-942C-6E01DF1DD9E9}.Debug|x64.Build.0 = Debug|Any CPU
		{DCD28797-E01E-48F7-942C-6E01DF1DD9E9}.Debug|x86.ActiveCfg = Debug|Any CPU
		{DCD28797-E01E-48F7-942C-6E01DF1DD9E9}.Debug|x86.Build.0 = Debug|Any CPU
		{DCD28797-E01E-48F7-942C-6E01DF1DD9E9}.Release|Any CPU.ActiveCfg = Release|Any CPU
		{DCD28797-E01E-48F7-942C-6E01DF1DD9E9}.Release|Any CPU.Build.0 = Release|Any CPU
		{DCD28797-E01E-48F7-942C-6E01DF1DD9E9}.Release|x64.ActiveCfg = Release|Any CPU
		{DCD28797-E01E-48F7-942C-6E01DF1DD9E9}.Release|x64.Build.0 = Release|Any CPU
		{DCD28797-E01E-48F7-942C-6E01DF1DD9E9}.Release|x86.ActiveCfg = Release|Any CPU
		{DCD28797-E01E-48F7-942C-6E01DF1DD9E9}.Release|x86.Build.0 = Release|Any CPU
		{EAEC4642-636D-4312-8903-D70157A8E91C}.Debug|Any CPU.ActiveCfg = Debug|Any CPU
		{EAEC4642-636D-4312-8903-D70157A8E91C}.Debug|Any CPU.Build.0 = Debug|Any CPU
		{EAEC4642-636D-4312-8903-D70157A8E91C}.Debug|x64.ActiveCfg = Debug|Any CPU
		{EAEC4642-636D-4312-8903-D70157A8E91C}.Debug|x64.Build.0 = Debug|Any CPU
		{EAEC4642-636D-4312-8903-D70157A8E91C}.Debug|x86.ActiveCfg = Debug|Any CPU
		{EAEC4642-636D-4312-8903-D70157A8E91C}.Debug|x86.Build.0 = Debug|Any CPU
		{EAEC4642-636D-4312-8903-D70157A8E91C}.Release|Any CPU.ActiveCfg = Release|Any CPU
		{EAEC4642-636D-4312-8903-D70157A8E91C}.Release|Any CPU.Build.0 = Release|Any CPU
		{EAEC4642-636D-4312-8903-D70157A8E91C}.Release|x64.ActiveCfg = Release|Any CPU
		{EAEC4642-636D-4312-8903-D70157A8E91C}.Release|x64.Build.0 = Release|Any CPU
		{EAEC4642-636D-4312-8903-D70157A8E91C}.Release|x86.ActiveCfg = Release|Any CPU
		{EAEC4642-636D-4312-8903-D70157A8E91C}.Release|x86.Build.0 = Release|Any CPU
		{5389698F-E221-466D-8682-8F289C44F1DD}.Debug|Any CPU.ActiveCfg = Debug|Any CPU
		{5389698F-E221-466D-8682-8F289C44F1DD}.Debug|Any CPU.Build.0 = Debug|Any CPU
		{5389698F-E221-466D-8682-8F289C44F1DD}.Debug|x64.ActiveCfg = Debug|Any CPU
		{5389698F-E221-466D-8682-8F289C44F1DD}.Debug|x64.Build.0 = Debug|Any CPU
		{5389698F-E221-466D-8682-8F289C44F1DD}.Debug|x86.ActiveCfg = Debug|Any CPU
		{5389698F-E221-466D-8682-8F289C44F1DD}.Debug|x86.Build.0 = Debug|Any CPU
		{5389698F-E221-466D-8682-8F289C44F1DD}.Release|Any CPU.ActiveCfg = Release|Any CPU
		{5389698F-E221-466D-8682-8F289C44F1DD}.Release|Any CPU.Build.0 = Release|Any CPU
		{5389698F-E221-466D-8682-8F289C44F1DD}.Release|x64.ActiveCfg = Release|Any CPU
		{5389698F-E221-466D-8682-8F289C44F1DD}.Release|x64.Build.0 = Release|Any CPU
		{5389698F-E221-466D-8682-8F289C44F1DD}.Release|x86.ActiveCfg = Release|Any CPU
		{5389698F-E221-466D-8682-8F289C44F1DD}.Release|x86.Build.0 = Release|Any CPU
		{B06314F2-338E-4E66-ACAA-A107A777A7B5}.Debug|Any CPU.ActiveCfg = Debug|Any CPU
		{B06314F2-338E-4E66-ACAA-A107A777A7B5}.Debug|Any CPU.Build.0 = Debug|Any CPU
		{B06314F2-338E-4E66-ACAA-A107A777A7B5}.Debug|x64.ActiveCfg = Debug|Any CPU
		{B06314F2-338E-4E66-ACAA-A107A777A7B5}.Debug|x64.Build.0 = Debug|Any CPU
		{B06314F2-338E-4E66-ACAA-A107A777A7B5}.Debug|x86.ActiveCfg = Debug|Any CPU
		{B06314F2-338E-4E66-ACAA-A107A777A7B5}.Debug|x86.Build.0 = Debug|Any CPU
		{B06314F2-338E-4E66-ACAA-A107A777A7B5}.Release|Any CPU.ActiveCfg = Release|Any CPU
		{B06314F2-338E-4E66-ACAA-A107A777A7B5}.Release|Any CPU.Build.0 = Release|Any CPU
		{B06314F2-338E-4E66-ACAA-A107A777A7B5}.Release|x64.ActiveCfg = Release|Any CPU
		{B06314F2-338E-4E66-ACAA-A107A777A7B5}.Release|x64.Build.0 = Release|Any CPU
		{B06314F2-338E-4E66-ACAA-A107A777A7B5}.Release|x86.ActiveCfg = Release|Any CPU
		{B06314F2-338E-4E66-ACAA-A107A777A7B5}.Release|x86.Build.0 = Release|Any CPU
		{2CC85CB5-442E-4CC2-A905-D6DEDBC1EC32}.Debug|Any CPU.ActiveCfg = Debug|Any CPU
		{2CC85CB5-442E-4CC2-A905-D6DEDBC1EC32}.Debug|Any CPU.Build.0 = Debug|Any CPU
		{2CC85CB5-442E-4CC2-A905-D6DEDBC1EC32}.Debug|x64.ActiveCfg = Debug|Any CPU
		{2CC85CB5-442E-4CC2-A905-D6DEDBC1EC32}.Debug|x64.Build.0 = Debug|Any CPU
		{2CC85CB5-442E-4CC2-A905-D6DEDBC1EC32}.Debug|x86.ActiveCfg = Debug|Any CPU
		{2CC85CB5-442E-4CC2-A905-D6DEDBC1EC32}.Debug|x86.Build.0 = Debug|Any CPU
		{2CC85CB5-442E-4CC2-A905-D6DEDBC1EC32}.Release|Any CPU.ActiveCfg = Release|Any CPU
		{2CC85CB5-442E-4CC2-A905-D6DEDBC1EC32}.Release|Any CPU.Build.0 = Release|Any CPU
		{2CC85CB5-442E-4CC2-A905-D6DEDBC1EC32}.Release|x64.ActiveCfg = Release|Any CPU
		{2CC85CB5-442E-4CC2-A905-D6DEDBC1EC32}.Release|x64.Build.0 = Release|Any CPU
		{2CC85CB5-442E-4CC2-A905-D6DEDBC1EC32}.Release|x86.ActiveCfg = Release|Any CPU
		{2CC85CB5-442E-4CC2-A905-D6DEDBC1EC32}.Release|x86.Build.0 = Release|Any CPU
		{8AF7E48F-4AE9-46E3-8D94-ECB557E6A47B}.Debug|Any CPU.ActiveCfg = Debug|Any CPU
		{8AF7E48F-4AE9-46E3-8D94-ECB557E6A47B}.Debug|Any CPU.Build.0 = Debug|Any CPU
		{8AF7E48F-4AE9-46E3-8D94-ECB557E6A47B}.Debug|x64.ActiveCfg = Debug|Any CPU
		{8AF7E48F-4AE9-46E3-8D94-ECB557E6A47B}.Debug|x64.Build.0 = Debug|Any CPU
		{8AF7E48F-4AE9-46E3-8D94-ECB557E6A47B}.Debug|x86.ActiveCfg = Debug|Any CPU
		{8AF7E48F-4AE9-46E3-8D94-ECB557E6A47B}.Debug|x86.Build.0 = Debug|Any CPU
		{8AF7E48F-4AE9-46E3-8D94-ECB557E6A47B}.Release|Any CPU.ActiveCfg = Release|Any CPU
		{8AF7E48F-4AE9-46E3-8D94-ECB557E6A47B}.Release|Any CPU.Build.0 = Release|Any CPU
		{8AF7E48F-4AE9-46E3-8D94-ECB557E6A47B}.Release|x64.ActiveCfg = Release|Any CPU
		{8AF7E48F-4AE9-46E3-8D94-ECB557E6A47B}.Release|x64.Build.0 = Release|Any CPU
		{8AF7E48F-4AE9-46E3-8D94-ECB557E6A47B}.Release|x86.ActiveCfg = Release|Any CPU
		{8AF7E48F-4AE9-46E3-8D94-ECB557E6A47B}.Release|x86.Build.0 = Release|Any CPU
		{64C6E036-FF80-4F45-87F6-0A9996131FA1}.Debug|Any CPU.ActiveCfg = Debug|Any CPU
		{64C6E036-FF80-4F45-87F6-0A9996131FA1}.Debug|Any CPU.Build.0 = Debug|Any CPU
		{64C6E036-FF80-4F45-87F6-0A9996131FA1}.Debug|x64.ActiveCfg = Debug|Any CPU
		{64C6E036-FF80-4F45-87F6-0A9996131FA1}.Debug|x64.Build.0 = Debug|Any CPU
		{64C6E036-FF80-4F45-87F6-0A9996131FA1}.Debug|x86.ActiveCfg = Debug|Any CPU
		{64C6E036-FF80-4F45-87F6-0A9996131FA1}.Debug|x86.Build.0 = Debug|Any CPU
		{64C6E036-FF80-4F45-87F6-0A9996131FA1}.Release|Any CPU.ActiveCfg = Release|Any CPU
		{64C6E036-FF80-4F45-87F6-0A9996131FA1}.Release|Any CPU.Build.0 = Release|Any CPU
		{64C6E036-FF80-4F45-87F6-0A9996131FA1}.Release|x64.ActiveCfg = Release|Any CPU
		{64C6E036-FF80-4F45-87F6-0A9996131FA1}.Release|x64.Build.0 = Release|Any CPU
		{64C6E036-FF80-4F45-87F6-0A9996131FA1}.Release|x86.ActiveCfg = Release|Any CPU
		{64C6E036-FF80-4F45-87F6-0A9996131FA1}.Release|x86.Build.0 = Release|Any CPU
		{8E4B128D-A9A9-4BCC-B87D-5FA50EC07261}.Debug|Any CPU.ActiveCfg = Debug|Any CPU
		{8E4B128D-A9A9-4BCC-B87D-5FA50EC07261}.Debug|Any CPU.Build.0 = Debug|Any CPU
		{8E4B128D-A9A9-4BCC-B87D-5FA50EC07261}.Debug|x64.ActiveCfg = Debug|Any CPU
		{8E4B128D-A9A9-4BCC-B87D-5FA50EC07261}.Debug|x64.Build.0 = Debug|Any CPU
		{8E4B128D-A9A9-4BCC-B87D-5FA50EC07261}.Debug|x86.ActiveCfg = Debug|Any CPU
		{8E4B128D-A9A9-4BCC-B87D-5FA50EC07261}.Debug|x86.Build.0 = Debug|Any CPU
		{8E4B128D-A9A9-4BCC-B87D-5FA50EC07261}.Release|Any CPU.ActiveCfg = Release|Any CPU
		{8E4B128D-A9A9-4BCC-B87D-5FA50EC07261}.Release|Any CPU.Build.0 = Release|Any CPU
		{8E4B128D-A9A9-4BCC-B87D-5FA50EC07261}.Release|x64.ActiveCfg = Release|Any CPU
		{8E4B128D-A9A9-4BCC-B87D-5FA50EC07261}.Release|x64.Build.0 = Release|Any CPU
		{8E4B128D-A9A9-4BCC-B87D-5FA50EC07261}.Release|x86.ActiveCfg = Release|Any CPU
		{8E4B128D-A9A9-4BCC-B87D-5FA50EC07261}.Release|x86.Build.0 = Release|Any CPU
		{7479A1EC-2F07-476A-8C29-5073E1AF4731}.Debug|Any CPU.ActiveCfg = Debug|Any CPU
		{7479A1EC-2F07-476A-8C29-5073E1AF4731}.Debug|Any CPU.Build.0 = Debug|Any CPU
		{7479A1EC-2F07-476A-8C29-5073E1AF4731}.Debug|x64.ActiveCfg = Debug|Any CPU
		{7479A1EC-2F07-476A-8C29-5073E1AF4731}.Debug|x64.Build.0 = Debug|Any CPU
		{7479A1EC-2F07-476A-8C29-5073E1AF4731}.Debug|x86.ActiveCfg = Debug|Any CPU
		{7479A1EC-2F07-476A-8C29-5073E1AF4731}.Debug|x86.Build.0 = Debug|Any CPU
		{7479A1EC-2F07-476A-8C29-5073E1AF4731}.Release|Any CPU.ActiveCfg = Release|Any CPU
		{7479A1EC-2F07-476A-8C29-5073E1AF4731}.Release|Any CPU.Build.0 = Release|Any CPU
		{7479A1EC-2F07-476A-8C29-5073E1AF4731}.Release|x64.ActiveCfg = Release|Any CPU
		{7479A1EC-2F07-476A-8C29-5073E1AF4731}.Release|x64.Build.0 = Release|Any CPU
		{7479A1EC-2F07-476A-8C29-5073E1AF4731}.Release|x86.ActiveCfg = Release|Any CPU
		{7479A1EC-2F07-476A-8C29-5073E1AF4731}.Release|x86.Build.0 = Release|Any CPU
		{A16C0DA6-72CE-4A36-8EB2-08B3199F327C}.Debug|Any CPU.ActiveCfg = Debug|Any CPU
		{A16C0DA6-72CE-4A36-8EB2-08B3199F327C}.Debug|Any CPU.Build.0 = Debug|Any CPU
		{A16C0DA6-72CE-4A36-8EB2-08B3199F327C}.Debug|x64.ActiveCfg = Debug|Any CPU
		{A16C0DA6-72CE-4A36-8EB2-08B3199F327C}.Debug|x64.Build.0 = Debug|Any CPU
		{A16C0DA6-72CE-4A36-8EB2-08B3199F327C}.Debug|x86.ActiveCfg = Debug|Any CPU
		{A16C0DA6-72CE-4A36-8EB2-08B3199F327C}.Debug|x86.Build.0 = Debug|Any CPU
		{A16C0DA6-72CE-4A36-8EB2-08B3199F327C}.Release|Any CPU.ActiveCfg = Release|Any CPU
		{A16C0DA6-72CE-4A36-8EB2-08B3199F327C}.Release|Any CPU.Build.0 = Release|Any CPU
		{A16C0DA6-72CE-4A36-8EB2-08B3199F327C}.Release|x64.ActiveCfg = Release|Any CPU
		{A16C0DA6-72CE-4A36-8EB2-08B3199F327C}.Release|x64.Build.0 = Release|Any CPU
		{A16C0DA6-72CE-4A36-8EB2-08B3199F327C}.Release|x86.ActiveCfg = Release|Any CPU
		{A16C0DA6-72CE-4A36-8EB2-08B3199F327C}.Release|x86.Build.0 = Release|Any CPU
		{3222AAD9-01C9-4E08-A9F7-F51B1EAE9E50}.Debug|Any CPU.ActiveCfg = Debug|Any CPU
		{3222AAD9-01C9-4E08-A9F7-F51B1EAE9E50}.Debug|Any CPU.Build.0 = Debug|Any CPU
		{3222AAD9-01C9-4E08-A9F7-F51B1EAE9E50}.Debug|x64.ActiveCfg = Debug|Any CPU
		{3222AAD9-01C9-4E08-A9F7-F51B1EAE9E50}.Debug|x64.Build.0 = Debug|Any CPU
		{3222AAD9-01C9-4E08-A9F7-F51B1EAE9E50}.Debug|x86.ActiveCfg = Debug|Any CPU
		{3222AAD9-01C9-4E08-A9F7-F51B1EAE9E50}.Debug|x86.Build.0 = Debug|Any CPU
		{3222AAD9-01C9-4E08-A9F7-F51B1EAE9E50}.Release|Any CPU.ActiveCfg = Release|Any CPU
		{3222AAD9-01C9-4E08-A9F7-F51B1EAE9E50}.Release|Any CPU.Build.0 = Release|Any CPU
		{3222AAD9-01C9-4E08-A9F7-F51B1EAE9E50}.Release|x64.ActiveCfg = Release|Any CPU
		{3222AAD9-01C9-4E08-A9F7-F51B1EAE9E50}.Release|x64.Build.0 = Release|Any CPU
		{3222AAD9-01C9-4E08-A9F7-F51B1EAE9E50}.Release|x86.ActiveCfg = Release|Any CPU
		{3222AAD9-01C9-4E08-A9F7-F51B1EAE9E50}.Release|x86.Build.0 = Release|Any CPU
		{1A5A5FAB-0327-4E0D-BB1C-0373631DD710}.Debug|Any CPU.ActiveCfg = Debug|Any CPU
		{1A5A5FAB-0327-4E0D-BB1C-0373631DD710}.Debug|Any CPU.Build.0 = Debug|Any CPU
		{1A5A5FAB-0327-4E0D-BB1C-0373631DD710}.Debug|x64.ActiveCfg = Debug|Any CPU
		{1A5A5FAB-0327-4E0D-BB1C-0373631DD710}.Debug|x64.Build.0 = Debug|Any CPU
		{1A5A5FAB-0327-4E0D-BB1C-0373631DD710}.Debug|x86.ActiveCfg = Debug|Any CPU
		{1A5A5FAB-0327-4E0D-BB1C-0373631DD710}.Debug|x86.Build.0 = Debug|Any CPU
		{1A5A5FAB-0327-4E0D-BB1C-0373631DD710}.Release|Any CPU.ActiveCfg = Release|Any CPU
		{1A5A5FAB-0327-4E0D-BB1C-0373631DD710}.Release|Any CPU.Build.0 = Release|Any CPU
		{1A5A5FAB-0327-4E0D-BB1C-0373631DD710}.Release|x64.ActiveCfg = Release|Any CPU
		{1A5A5FAB-0327-4E0D-BB1C-0373631DD710}.Release|x64.Build.0 = Release|Any CPU
		{1A5A5FAB-0327-4E0D-BB1C-0373631DD710}.Release|x86.ActiveCfg = Release|Any CPU
		{1A5A5FAB-0327-4E0D-BB1C-0373631DD710}.Release|x86.Build.0 = Release|Any CPU
		{D05F2ACC-82EA-4B91-948F-D17B9A3B5BF4}.Debug|Any CPU.ActiveCfg = Debug|Any CPU
		{D05F2ACC-82EA-4B91-948F-D17B9A3B5BF4}.Debug|Any CPU.Build.0 = Debug|Any CPU
		{D05F2ACC-82EA-4B91-948F-D17B9A3B5BF4}.Debug|x64.ActiveCfg = Debug|Any CPU
		{D05F2ACC-82EA-4B91-948F-D17B9A3B5BF4}.Debug|x64.Build.0 = Debug|Any CPU
		{D05F2ACC-82EA-4B91-948F-D17B9A3B5BF4}.Debug|x86.ActiveCfg = Debug|Any CPU
		{D05F2ACC-82EA-4B91-948F-D17B9A3B5BF4}.Debug|x86.Build.0 = Debug|Any CPU
		{D05F2ACC-82EA-4B91-948F-D17B9A3B5BF4}.Release|Any CPU.ActiveCfg = Release|Any CPU
		{D05F2ACC-82EA-4B91-948F-D17B9A3B5BF4}.Release|Any CPU.Build.0 = Release|Any CPU
		{D05F2ACC-82EA-4B91-948F-D17B9A3B5BF4}.Release|x64.ActiveCfg = Release|Any CPU
		{D05F2ACC-82EA-4B91-948F-D17B9A3B5BF4}.Release|x64.Build.0 = Release|Any CPU
		{D05F2ACC-82EA-4B91-948F-D17B9A3B5BF4}.Release|x86.ActiveCfg = Release|Any CPU
		{D05F2ACC-82EA-4B91-948F-D17B9A3B5BF4}.Release|x86.Build.0 = Release|Any CPU
		{8249FC51-35C1-4141-8AAF-796FD81414EF}.Debug|Any CPU.ActiveCfg = Debug|x64
		{8249FC51-35C1-4141-8AAF-796FD81414EF}.Debug|Any CPU.Build.0 = Debug|x64
		{8249FC51-35C1-4141-8AAF-796FD81414EF}.Debug|x64.ActiveCfg = Debug|x64
		{8249FC51-35C1-4141-8AAF-796FD81414EF}.Debug|x64.Build.0 = Debug|x64
		{8249FC51-35C1-4141-8AAF-796FD81414EF}.Debug|x86.ActiveCfg = Debug|Win32
		{8249FC51-35C1-4141-8AAF-796FD81414EF}.Debug|x86.Build.0 = Debug|Win32
		{8249FC51-35C1-4141-8AAF-796FD81414EF}.Release|Any CPU.ActiveCfg = Release|Win32
		{8249FC51-35C1-4141-8AAF-796FD81414EF}.Release|Any CPU.Build.0 = Release|Win32
		{8249FC51-35C1-4141-8AAF-796FD81414EF}.Release|x64.ActiveCfg = Release|x64
		{8249FC51-35C1-4141-8AAF-796FD81414EF}.Release|x64.Build.0 = Release|x64
		{8249FC51-35C1-4141-8AAF-796FD81414EF}.Release|x86.ActiveCfg = Release|Win32
		{8249FC51-35C1-4141-8AAF-796FD81414EF}.Release|x86.Build.0 = Release|Win32
		{870EF805-B77B-49E3-9BF3-F79266EC4B6B}.Debug|Any CPU.ActiveCfg = Debug|Any CPU
		{870EF805-B77B-49E3-9BF3-F79266EC4B6B}.Debug|Any CPU.Build.0 = Debug|Any CPU
		{870EF805-B77B-49E3-9BF3-F79266EC4B6B}.Debug|x64.ActiveCfg = Debug|Any CPU
		{870EF805-B77B-49E3-9BF3-F79266EC4B6B}.Debug|x64.Build.0 = Debug|Any CPU
		{870EF805-B77B-49E3-9BF3-F79266EC4B6B}.Debug|x86.ActiveCfg = Debug|Any CPU
		{870EF805-B77B-49E3-9BF3-F79266EC4B6B}.Debug|x86.Build.0 = Debug|Any CPU
		{870EF805-B77B-49E3-9BF3-F79266EC4B6B}.Release|Any CPU.ActiveCfg = Release|Any CPU
		{870EF805-B77B-49E3-9BF3-F79266EC4B6B}.Release|Any CPU.Build.0 = Release|Any CPU
		{870EF805-B77B-49E3-9BF3-F79266EC4B6B}.Release|x64.ActiveCfg = Release|Any CPU
		{870EF805-B77B-49E3-9BF3-F79266EC4B6B}.Release|x64.Build.0 = Release|Any CPU
		{870EF805-B77B-49E3-9BF3-F79266EC4B6B}.Release|x86.ActiveCfg = Release|Any CPU
		{870EF805-B77B-49E3-9BF3-F79266EC4B6B}.Release|x86.Build.0 = Release|Any CPU
		{BB36F621-A416-49C3-A18F-F82726B8BBBE}.Debug|Any CPU.ActiveCfg = Debug|Any CPU
		{BB36F621-A416-49C3-A18F-F82726B8BBBE}.Debug|Any CPU.Build.0 = Debug|Any CPU
		{BB36F621-A416-49C3-A18F-F82726B8BBBE}.Debug|x64.ActiveCfg = Debug|Any CPU
		{BB36F621-A416-49C3-A18F-F82726B8BBBE}.Debug|x64.Build.0 = Debug|Any CPU
		{BB36F621-A416-49C3-A18F-F82726B8BBBE}.Debug|x86.ActiveCfg = Debug|Any CPU
		{BB36F621-A416-49C3-A18F-F82726B8BBBE}.Debug|x86.Build.0 = Debug|Any CPU
		{BB36F621-A416-49C3-A18F-F82726B8BBBE}.Release|Any CPU.ActiveCfg = Release|Any CPU
		{BB36F621-A416-49C3-A18F-F82726B8BBBE}.Release|Any CPU.Build.0 = Release|Any CPU
		{BB36F621-A416-49C3-A18F-F82726B8BBBE}.Release|x64.ActiveCfg = Release|Any CPU
		{BB36F621-A416-49C3-A18F-F82726B8BBBE}.Release|x64.Build.0 = Release|Any CPU
		{BB36F621-A416-49C3-A18F-F82726B8BBBE}.Release|x86.ActiveCfg = Release|Any CPU
		{BB36F621-A416-49C3-A18F-F82726B8BBBE}.Release|x86.Build.0 = Release|Any CPU
		{37FCC79C-BC7C-4481-8E5B-9C0CE4496D11}.Debug|Any CPU.ActiveCfg = Debug|Any CPU
		{37FCC79C-BC7C-4481-8E5B-9C0CE4496D11}.Debug|Any CPU.Build.0 = Debug|Any CPU
		{37FCC79C-BC7C-4481-8E5B-9C0CE4496D11}.Debug|x64.ActiveCfg = Debug|Any CPU
		{37FCC79C-BC7C-4481-8E5B-9C0CE4496D11}.Debug|x64.Build.0 = Debug|Any CPU
		{37FCC79C-BC7C-4481-8E5B-9C0CE4496D11}.Debug|x86.ActiveCfg = Debug|Any CPU
		{37FCC79C-BC7C-4481-8E5B-9C0CE4496D11}.Debug|x86.Build.0 = Debug|Any CPU
		{37FCC79C-BC7C-4481-8E5B-9C0CE4496D11}.Release|Any CPU.ActiveCfg = Release|Any CPU
		{37FCC79C-BC7C-4481-8E5B-9C0CE4496D11}.Release|Any CPU.Build.0 = Release|Any CPU
		{37FCC79C-BC7C-4481-8E5B-9C0CE4496D11}.Release|x64.ActiveCfg = Release|Any CPU
		{37FCC79C-BC7C-4481-8E5B-9C0CE4496D11}.Release|x64.Build.0 = Release|Any CPU
		{37FCC79C-BC7C-4481-8E5B-9C0CE4496D11}.Release|x86.ActiveCfg = Release|Any CPU
		{37FCC79C-BC7C-4481-8E5B-9C0CE4496D11}.Release|x86.Build.0 = Release|Any CPU
		{B694DB1A-E35F-407C-AB2C-E6AFA6AD9613}.Debug|Any CPU.ActiveCfg = Debug|Any CPU
		{B694DB1A-E35F-407C-AB2C-E6AFA6AD9613}.Debug|Any CPU.Build.0 = Debug|Any CPU
		{B694DB1A-E35F-407C-AB2C-E6AFA6AD9613}.Debug|x64.ActiveCfg = Debug|Any CPU
		{B694DB1A-E35F-407C-AB2C-E6AFA6AD9613}.Debug|x64.Build.0 = Debug|Any CPU
		{B694DB1A-E35F-407C-AB2C-E6AFA6AD9613}.Debug|x86.ActiveCfg = Debug|Any CPU
		{B694DB1A-E35F-407C-AB2C-E6AFA6AD9613}.Debug|x86.Build.0 = Debug|Any CPU
		{B694DB1A-E35F-407C-AB2C-E6AFA6AD9613}.Release|Any CPU.ActiveCfg = Release|Any CPU
		{B694DB1A-E35F-407C-AB2C-E6AFA6AD9613}.Release|Any CPU.Build.0 = Release|Any CPU
		{B694DB1A-E35F-407C-AB2C-E6AFA6AD9613}.Release|x64.ActiveCfg = Release|Any CPU
		{B694DB1A-E35F-407C-AB2C-E6AFA6AD9613}.Release|x64.Build.0 = Release|Any CPU
		{B694DB1A-E35F-407C-AB2C-E6AFA6AD9613}.Release|x86.ActiveCfg = Release|Any CPU
		{B694DB1A-E35F-407C-AB2C-E6AFA6AD9613}.Release|x86.Build.0 = Release|Any CPU
		{773A4D23-189D-4353-BF37-515591E16F5A}.Debug|Any CPU.ActiveCfg = Debug|Any CPU
		{773A4D23-189D-4353-BF37-515591E16F5A}.Debug|Any CPU.Build.0 = Debug|Any CPU
		{773A4D23-189D-4353-BF37-515591E16F5A}.Debug|x64.ActiveCfg = Debug|Any CPU
		{773A4D23-189D-4353-BF37-515591E16F5A}.Debug|x64.Build.0 = Debug|Any CPU
		{773A4D23-189D-4353-BF37-515591E16F5A}.Debug|x86.ActiveCfg = Debug|Any CPU
		{773A4D23-189D-4353-BF37-515591E16F5A}.Debug|x86.Build.0 = Debug|Any CPU
		{773A4D23-189D-4353-BF37-515591E16F5A}.Release|Any CPU.ActiveCfg = Release|Any CPU
		{773A4D23-189D-4353-BF37-515591E16F5A}.Release|Any CPU.Build.0 = Release|Any CPU
		{773A4D23-189D-4353-BF37-515591E16F5A}.Release|x64.ActiveCfg = Release|Any CPU
		{773A4D23-189D-4353-BF37-515591E16F5A}.Release|x64.Build.0 = Release|Any CPU
		{773A4D23-189D-4353-BF37-515591E16F5A}.Release|x86.ActiveCfg = Release|Any CPU
		{773A4D23-189D-4353-BF37-515591E16F5A}.Release|x86.Build.0 = Release|Any CPU
	EndGlobalSection
	GlobalSection(SolutionProperties) = preSolution
		HideSolutionNode = FALSE
	EndGlobalSection
	GlobalSection(NestedProjects) = preSolution
		{08BF3C47-16A4-4D13-9A5B-3130F29CC180} = {285E656E-D902-42A0-B5E5-F797CEE51E1A}
		{D60C7327-79D4-4525-95D9-ADD6B55986A8} = {285E656E-D902-42A0-B5E5-F797CEE51E1A}
		{D0B4F8E5-B2FE-4546-8468-1AF08B82B50C} = {285E656E-D902-42A0-B5E5-F797CEE51E1A}
		{57239258-19E3-4B07-854C-8B0A3221C45A} = {285E656E-D902-42A0-B5E5-F797CEE51E1A}
		{0607E970-CC93-4A2A-83CA-53B9D537C96E} = {285E656E-D902-42A0-B5E5-F797CEE51E1A}
		{A2C534E0-70E1-4229-B6E5-F91EDE820789} = {285E656E-D902-42A0-B5E5-F797CEE51E1A}
		{354D5D01-64BA-40D8-BF97-659FEFF41EFB} = {285E656E-D902-42A0-B5E5-F797CEE51E1A}
		{DCD28797-E01E-48F7-942C-6E01DF1DD9E9} = {285E656E-D902-42A0-B5E5-F797CEE51E1A}
		{EAEC4642-636D-4312-8903-D70157A8E91C} = {285E656E-D902-42A0-B5E5-F797CEE51E1A}
		{5389698F-E221-466D-8682-8F289C44F1DD} = {285E656E-D902-42A0-B5E5-F797CEE51E1A}
		{B06314F2-338E-4E66-ACAA-A107A777A7B5} = {285E656E-D902-42A0-B5E5-F797CEE51E1A}
		{2CC85CB5-442E-4CC2-A905-D6DEDBC1EC32} = {285E656E-D902-42A0-B5E5-F797CEE51E1A}
		{8AF7E48F-4AE9-46E3-8D94-ECB557E6A47B} = {285E656E-D902-42A0-B5E5-F797CEE51E1A}
		{8E4B128D-A9A9-4BCC-B87D-5FA50EC07261} = {285E656E-D902-42A0-B5E5-F797CEE51E1A}
		{3222AAD9-01C9-4E08-A9F7-F51B1EAE9E50} = {285E656E-D902-42A0-B5E5-F797CEE51E1A}
		{8249FC51-35C1-4141-8AAF-796FD81414EF} = {285E656E-D902-42A0-B5E5-F797CEE51E1A}
		{37FCC79C-BC7C-4481-8E5B-9C0CE4496D11} = {285E656E-D902-42A0-B5E5-F797CEE51E1A}
		{773A4D23-189D-4353-BF37-515591E16F5A} = {285E656E-D902-42A0-B5E5-F797CEE51E1A}
	EndGlobalSection
	GlobalSection(ExtensibilityGlobals) = postSolution
		SolutionGuid = {A52F31CC-26D4-4A7D-B23C-39C1BCB978F0}
	EndGlobalSection
EndGlobal
