
Microsoft Visual Studio Solution File, Format Version 12.00
# Visual Studio Version 17
VisualStudioVersion = 17.0.31912.275
MinimumVisualStudioVersion = 10.0.40219.1
Project("{FAE04EC0-301F-11D3-BF4B-00C04F79EFBC}") = "Eagle Monitor", "Eagle Monitor\Eagle Monitor.csproj", "{1F2512CE-68B5-4B6F-8909-463DE65DC6A4}"
EndProject
Project("{FAE04EC0-301F-11D3-BF4B-00C04F79EFBC}") = "Shared", "Shared\Shared.csproj", "{3658C502-B336-4CD4-8F55-80AA0105A8C2}"
EndProject
Project("{FAE04EC0-301F-11D3-BF4B-00C04F79EFBC}") = "Client", "Client\Client.csproj", "{ECF01CF7-6DFB-4AEC-9398-08901C320FD0}"
EndProject
Project("{2150E333-8FDC-42A3-9474-1A3956D46DE8}") = "Plugins", "Plugins", "{52223EF8-5F0C-4845-BFB1-FA79CD1554D9}"
EndProject
Project("{FAE04EC0-301F-11D3-BF4B-00C04F79EFBC}") = "Recovery", "Plugins\Recovery\Recovery.csproj", "{AA69FE36-99DB-4FE9-9314-33517D792BCB}"
EndProject
Project("{FAE04EC0-301F-11D3-BF4B-00C04F79EFBC}") = "NativeAPI", "NativeAPI\NativeAPI.csproj", "{22485099-27C3-4A3D-81DB-D54E2B2C7017}"
EndProject
Project("{FAE04EC0-301F-11D3-BF4B-00C04F79EFBC}") = "Miscellaneous", "Plugins\Miscellaneous\Miscellaneous.csproj", "{E7D4D256-7ED0-4DA1-B266-8E35557CDFD5}"
EndProject
Project("{FAE04EC0-301F-11D3-BF4B-00C04F79EFBC}") = "ProcessManager", "Plugins\ProcessManager\ProcessManager.csproj", "{05346538-4515-4AE1-99F0-DDB34282BA8D}"
EndProject
Project("{FAE04EC0-301F-11D3-BF4B-00C04F79EFBC}") = "FileManager", "Plugins\FileManager\FileManager.csproj", "{D1A30625-E765-4DB9-A159-929D1BB0B153}"
EndProject
Project("{FAE04EC0-301F-11D3-BF4B-00C04F79EFBC}") = "RemoteDesktop", "Plugins\RemoteDesktop\RemoteDesktop.csproj", "{625A93B1-A716-4F62-A142-535DD851A5B5}"
EndProject
Project("{FAE04EC0-301F-11D3-BF4B-00C04F79EFBC}") = "Execute", "Plugins\Execute\Execute.csproj", "{43A85A50-3742-42A3-B73E-3E337C6692ED}"
EndProject
Project("{FAE04EC0-301F-11D3-BF4B-00C04F79EFBC}") = "RemoteWebCam", "Plugins\RemoteWebCam\RemoteWebCam.csproj", "{AD16EBA3-FC53-4403-8987-650D8D37A92C}"
EndProject
Project("{FAE04EC0-301F-11D3-BF4B-00C04F79EFBC}") = "FileEncryption", "Plugins\FileEncryption\FileEncryption.csproj", "{127844D8-5F92-491F-998C-806238A8B6A7}"
EndProject
Project("{2150E333-8FDC-42A3-9474-1A3956D46DE8}") = "ShellCodePayloads", "ShellCodePayloads", "{5920780C-FB1C-444B-ABCD-680015DE3AEC}"
EndProject
Project("{8BC9CEB8-8B4A-11D0-8D11-00A0C91BC942}") = "ProcessCrash", "ShellCodePayloads\ProcessCrash\ProcessCrash.vcxproj", "{6CF68516-1D20-4490-8678-57D4DCF9CD17}"
EndProject
Project("{8BC9CEB8-8B4A-11D0-8D11-00A0C91BC942}") = "CPU", "Plugins\CPU\CPU.vcxproj", "{8249FC51-35C1-4141-8AAF-796FD81414EF}"
EndProject
Global
	GlobalSection(SolutionConfigurationPlatforms) = preSolution
		Debug|Any CPU = Debug|Any CPU
		Debug|x64 = Debug|x64
		Debug|x86 = Debug|x86
		Release|Any CPU = Release|Any CPU
		Release|x64 = Release|x64
		Release|x86 = Release|x86
	EndGlobalSection
	GlobalSection(ProjectConfigurationPlatforms) = postSolution
		{1F2512CE-68B5-4B6F-8909-463DE65DC6A4}.Debug|Any CPU.ActiveCfg = Debug|Any CPU
		{1F2512CE-68B5-4B6F-8909-463DE65DC6A4}.Debug|Any CPU.Build.0 = Debug|Any CPU
		{1F2512CE-68B5-4B6F-8909-463DE65DC6A4}.Debug|x64.ActiveCfg = Debug|x64
		{1F2512CE-68B5-4B6F-8909-463DE65DC6A4}.Debug|x64.Build.0 = Debug|x64
		{1F2512CE-68B5-4B6F-8909-463DE65DC6A4}.Debug|x86.ActiveCfg = Debug|Any CPU
		{1F2512CE-68B5-4B6F-8909-463DE65DC6A4}.Debug|x86.Build.0 = Debug|Any CPU
		{1F2512CE-68B5-4B6F-8909-463DE65DC6A4}.Release|Any CPU.ActiveCfg = Release|Any CPU
		{1F2512CE-68B5-4B6F-8909-463DE65DC6A4}.Release|Any CPU.Build.0 = Release|Any CPU
		{1F2512CE-68B5-4B6F-8909-463DE65DC6A4}.Release|x64.ActiveCfg = Release|x64
		{1F2512CE-68B5-4B6F-8909-463DE65DC6A4}.Release|x64.Build.0 = Release|x64
		{1F2512CE-68B5-4B6F-8909-463DE65DC6A4}.Release|x86.ActiveCfg = Release|Any CPU
		{1F2512CE-68B5-4B6F-8909-463DE65DC6A4}.Release|x86.Build.0 = Release|Any CPU
		{3658C502-B336-4CD4-8F55-80AA0105A8C2}.Debug|Any CPU.ActiveCfg = Debug|Any CPU
		{3658C502-B336-4CD4-8F55-80AA0105A8C2}.Debug|Any CPU.Build.0 = Debug|Any CPU
		{3658C502-B336-4CD4-8F55-80AA0105A8C2}.Debug|x64.ActiveCfg = Debug|Any CPU
		{3658C502-B336-4CD4-8F55-80AA0105A8C2}.Debug|x64.Build.0 = Debug|Any CPU
		{3658C502-B336-4CD4-8F55-80AA0105A8C2}.Debug|x86.ActiveCfg = Debug|Any CPU
		{3658C502-B336-4CD4-8F55-80AA0105A8C2}.Debug|x86.Build.0 = Debug|Any CPU
		{3658C502-B336-4CD4-8F55-80AA0105A8C2}.Release|Any CPU.ActiveCfg = Release|Any CPU
		{3658C502-B336-4CD4-8F55-80AA0105A8C2}.Release|Any CPU.Build.0 = Release|Any CPU
		{3658C502-B336-4CD4-8F55-80AA0105A8C2}.Release|x64.ActiveCfg = Release|Any CPU
		{3658C502-B336-4CD4-8F55-80AA0105A8C2}.Release|x64.Build.0 = Release|Any CPU
		{3658C502-B336-4CD4-8F55-80AA0105A8C2}.Release|x86.ActiveCfg = Release|Any CPU
		{3658C502-B336-4CD4-8F55-80AA0105A8C2}.Release|x86.Build.0 = Release|Any CPU
		{ECF01CF7-6DFB-4AEC-9398-08901C320FD0}.Debug|Any CPU.ActiveCfg = Debug|Any CPU
		{ECF01CF7-6DFB-4AEC-9398-08901C320FD0}.Debug|Any CPU.Build.0 = Debug|Any CPU
		{ECF01CF7-6DFB-4AEC-9398-08901C320FD0}.Debug|x64.ActiveCfg = Debug|x64
		{ECF01CF7-6DFB-4AEC-9398-08901C320FD0}.Debug|x64.Build.0 = Debug|x64
		{ECF01CF7-6DFB-4AEC-9398-08901C320FD0}.Debug|x86.ActiveCfg = Debug|Any CPU
		{ECF01CF7-6DFB-4AEC-9398-08901C320FD0}.Debug|x86.Build.0 = Debug|Any CPU
		{ECF01CF7-6DFB-4AEC-9398-08901C320FD0}.Release|Any CPU.ActiveCfg = Release|x64
		{ECF01CF7-6DFB-4AEC-9398-08901C320FD0}.Release|Any CPU.Build.0 = Release|x64
		{ECF01CF7-6DFB-4AEC-9398-08901C320FD0}.Release|x64.ActiveCfg = Release|x64
		{ECF01CF7-6DFB-4AEC-9398-08901C320FD0}.Release|x64.Build.0 = Release|x64
		{ECF01CF7-6DFB-4AEC-9398-08901C320FD0}.Release|x86.ActiveCfg = Release|Any CPU
		{ECF01CF7-6DFB-4AEC-9398-08901C320FD0}.Release|x86.Build.0 = Release|Any CPU
		{AA69FE36-99DB-4FE9-9314-33517D792BCB}.Debug|Any CPU.ActiveCfg = Debug|Any CPU
		{AA69FE36-99DB-4FE9-9314-33517D792BCB}.Debug|Any CPU.Build.0 = Debug|Any CPU
		{AA69FE36-99DB-4FE9-9314-33517D792BCB}.Debug|x64.ActiveCfg = Debug|Any CPU
		{AA69FE36-99DB-4FE9-9314-33517D792BCB}.Debug|x64.Build.0 = Debug|Any CPU
		{AA69FE36-99DB-4FE9-9314-33517D792BCB}.Debug|x86.ActiveCfg = Debug|Any CPU
		{AA69FE36-99DB-4FE9-9314-33517D792BCB}.Debug|x86.Build.0 = Debug|Any CPU
		{AA69FE36-99DB-4FE9-9314-33517D792BCB}.Release|Any CPU.ActiveCfg = Release|Any CPU
		{AA69FE36-99DB-4FE9-9314-33517D792BCB}.Release|Any CPU.Build.0 = Release|Any CPU
		{AA69FE36-99DB-4FE9-9314-33517D792BCB}.Release|x64.ActiveCfg = Release|Any CPU
		{AA69FE36-99DB-4FE9-9314-33517D792BCB}.Release|x64.Build.0 = Release|Any CPU
		{AA69FE36-99DB-4FE9-9314-33517D792BCB}.Release|x86.ActiveCfg = Release|Any CPU
		{AA69FE36-99DB-4FE9-9314-33517D792BCB}.Release|x86.Build.0 = Release|Any CPU
		{22485099-27C3-4A3D-81DB-D54E2B2C7017}.Debug|Any CPU.ActiveCfg = Debug|Any CPU
		{22485099-27C3-4A3D-81DB-D54E2B2C7017}.Debug|Any CPU.Build.0 = Debug|Any CPU
		{22485099-27C3-4A3D-81DB-D54E2B2C7017}.Debug|x64.ActiveCfg = Debug|Any CPU
		{22485099-27C3-4A3D-81DB-D54E2B2C7017}.Debug|x64.Build.0 = Debug|Any CPU
		{22485099-27C3-4A3D-81DB-D54E2B2C7017}.Debug|x86.ActiveCfg = Debug|Any CPU
		{22485099-27C3-4A3D-81DB-D54E2B2C7017}.Debug|x86.Build.0 = Debug|Any CPU
		{22485099-27C3-4A3D-81DB-D54E2B2C7017}.Release|Any CPU.ActiveCfg = Release|Any CPU
		{22485099-27C3-4A3D-81DB-D54E2B2C7017}.Release|Any CPU.Build.0 = Release|Any CPU
		{22485099-27C3-4A3D-81DB-D54E2B2C7017}.Release|x64.ActiveCfg = Release|Any CPU
		{22485099-27C3-4A3D-81DB-D54E2B2C7017}.Release|x64.Build.0 = Release|Any CPU
		{22485099-27C3-4A3D-81DB-D54E2B2C7017}.Release|x86.ActiveCfg = Release|Any CPU
		{22485099-27C3-4A3D-81DB-D54E2B2C7017}.Release|x86.Build.0 = Release|Any CPU
		{E7D4D256-7ED0-4DA1-B266-8E35557CDFD5}.Debug|Any CPU.ActiveCfg = Debug|Any CPU
		{E7D4D256-7ED0-4DA1-B266-8E35557CDFD5}.Debug|Any CPU.Build.0 = Debug|Any CPU
		{E7D4D256-7ED0-4DA1-B266-8E35557CDFD5}.Debug|x64.ActiveCfg = Debug|Any CPU
		{E7D4D256-7ED0-4DA1-B266-8E35557CDFD5}.Debug|x64.Build.0 = Debug|Any CPU
		{E7D4D256-7ED0-4DA1-B266-8E35557CDFD5}.Debug|x86.ActiveCfg = Debug|Any CPU
		{E7D4D256-7ED0-4DA1-B266-8E35557CDFD5}.Debug|x86.Build.0 = Debug|Any CPU
		{E7D4D256-7ED0-4DA1-B266-8E35557CDFD5}.Release|Any CPU.ActiveCfg = Release|Any CPU
		{E7D4D256-7ED0-4DA1-B266-8E35557CDFD5}.Release|Any CPU.Build.0 = Release|Any CPU
		{E7D4D256-7ED0-4DA1-B266-8E35557CDFD5}.Release|x64.ActiveCfg = Release|Any CPU
		{E7D4D256-7ED0-4DA1-B266-8E35557CDFD5}.Release|x64.Build.0 = Release|Any CPU
		{E7D4D256-7ED0-4DA1-B266-8E35557CDFD5}.Release|x86.ActiveCfg = Release|Any CPU
		{E7D4D256-7ED0-4DA1-B266-8E35557CDFD5}.Release|x86.Build.0 = Release|Any CPU
		{05346538-4515-4AE1-99F0-DDB34282BA8D}.Debug|Any CPU.ActiveCfg = Debug|Any CPU
		{05346538-4515-4AE1-99F0-DDB34282BA8D}.Debug|Any CPU.Build.0 = Debug|Any CPU
		{05346538-4515-4AE1-99F0-DDB34282BA8D}.Debug|x64.ActiveCfg = Debug|Any CPU
		{05346538-4515-4AE1-99F0-DDB34282BA8D}.Debug|x64.Build.0 = Debug|Any CPU
		{05346538-4515-4AE1-99F0-DDB34282BA8D}.Debug|x86.ActiveCfg = Debug|Any CPU
		{05346538-4515-4AE1-99F0-DDB34282BA8D}.Debug|x86.Build.0 = Debug|Any CPU
		{05346538-4515-4AE1-99F0-DDB34282BA8D}.Release|Any CPU.ActiveCfg = Release|Any CPU
		{05346538-4515-4AE1-99F0-DDB34282BA8D}.Release|Any CPU.Build.0 = Release|Any CPU
		{05346538-4515-4AE1-99F0-DDB34282BA8D}.Release|x64.ActiveCfg = Release|Any CPU
		{05346538-4515-4AE1-99F0-DDB34282BA8D}.Release|x64.Build.0 = Release|Any CPU
		{05346538-4515-4AE1-99F0-DDB34282BA8D}.Release|x86.ActiveCfg = Release|Any CPU
		{05346538-4515-4AE1-99F0-DDB34282BA8D}.Release|x86.Build.0 = Release|Any CPU
		{D1A30625-E765-4DB9-A159-929D1BB0B153}.Debug|Any CPU.ActiveCfg = Debug|Any CPU
		{D1A30625-E765-4DB9-A159-929D1BB0B153}.Debug|Any CPU.Build.0 = Debug|Any CPU
		{D1A30625-E765-4DB9-A159-929D1BB0B153}.Debug|x64.ActiveCfg = Debug|Any CPU
		{D1A30625-E765-4DB9-A159-929D1BB0B153}.Debug|x64.Build.0 = Debug|Any CPU
		{D1A30625-E765-4DB9-A159-929D1BB0B153}.Debug|x86.ActiveCfg = Debug|Any CPU
		{D1A30625-E765-4DB9-A159-929D1BB0B153}.Debug|x86.Build.0 = Debug|Any CPU
		{D1A30625-E765-4DB9-A159-929D1BB0B153}.Release|Any CPU.ActiveCfg = Release|Any CPU
		{D1A30625-E765-4DB9-A159-929D1BB0B153}.Release|Any CPU.Build.0 = Release|Any CPU
		{D1A30625-E765-4DB9-A159-929D1BB0B153}.Release|x64.ActiveCfg = Release|Any CPU
		{D1A30625-E765-4DB9-A159-929D1BB0B153}.Release|x64.Build.0 = Release|Any CPU
		{D1A30625-E765-4DB9-A159-929D1BB0B153}.Release|x86.ActiveCfg = Release|Any CPU
		{D1A30625-E765-4DB9-A159-929D1BB0B153}.Release|x86.Build.0 = Release|Any CPU
		{625A93B1-A716-4F62-A142-535DD851A5B5}.Debug|Any CPU.ActiveCfg = Debug|Any CPU
		{625A93B1-A716-4F62-A142-535DD851A5B5}.Debug|Any CPU.Build.0 = Debug|Any CPU
		{625A93B1-A716-4F62-A142-535DD851A5B5}.Debug|x64.ActiveCfg = Debug|Any CPU
		{625A93B1-A716-4F62-A142-535DD851A5B5}.Debug|x64.Build.0 = Debug|Any CPU
		{625A93B1-A716-4F62-A142-535DD851A5B5}.Debug|x86.ActiveCfg = Debug|Any CPU
		{625A93B1-A716-4F62-A142-535DD851A5B5}.Debug|x86.Build.0 = Debug|Any CPU
		{625A93B1-A716-4F62-A142-535DD851A5B5}.Release|Any CPU.ActiveCfg = Release|Any CPU
		{625A93B1-A716-4F62-A142-535DD851A5B5}.Release|Any CPU.Build.0 = Release|Any CPU
		{625A93B1-A716-4F62-A142-535DD851A5B5}.Release|x64.ActiveCfg = Release|Any CPU
		{625A93B1-A716-4F62-A142-535DD851A5B5}.Release|x64.Build.0 = Release|Any CPU
		{625A93B1-A716-4F62-A142-535DD851A5B5}.Release|x86.ActiveCfg = Release|Any CPU
		{625A93B1-A716-4F62-A142-535DD851A5B5}.Release|x86.Build.0 = Release|Any CPU
		{43A85A50-3742-42A3-B73E-3E337C6692ED}.Debug|Any CPU.ActiveCfg = Debug|Any CPU
		{43A85A50-3742-42A3-B73E-3E337C6692ED}.Debug|Any CPU.Build.0 = Debug|Any CPU
		{43A85A50-3742-42A3-B73E-3E337C6692ED}.Debug|x64.ActiveCfg = Debug|Any CPU
		{43A85A50-3742-42A3-B73E-3E337C6692ED}.Debug|x64.Build.0 = Debug|Any CPU
		{43A85A50-3742-42A3-B73E-3E337C6692ED}.Debug|x86.ActiveCfg = Debug|Any CPU
		{43A85A50-3742-42A3-B73E-3E337C6692ED}.Debug|x86.Build.0 = Debug|Any CPU
		{43A85A50-3742-42A3-B73E-3E337C6692ED}.Release|Any CPU.ActiveCfg = Release|Any CPU
		{43A85A50-3742-42A3-B73E-3E337C6692ED}.Release|Any CPU.Build.0 = Release|Any CPU
		{43A85A50-3742-42A3-B73E-3E337C6692ED}.Release|x64.ActiveCfg = Release|Any CPU
		{43A85A50-3742-42A3-B73E-3E337C6692ED}.Release|x64.Build.0 = Release|Any CPU
		{43A85A50-3742-42A3-B73E-3E337C6692ED}.Release|x86.ActiveCfg = Release|Any CPU
		{43A85A50-3742-42A3-B73E-3E337C6692ED}.Release|x86.Build.0 = Release|Any CPU
		{AD16EBA3-FC53-4403-8987-650D8D37A92C}.Debug|Any CPU.ActiveCfg = Debug|Any CPU
		{AD16EBA3-FC53-4403-8987-650D8D37A92C}.Debug|Any CPU.Build.0 = Debug|Any CPU
		{AD16EBA3-FC53-4403-8987-650D8D37A92C}.Debug|x64.ActiveCfg = Debug|Any CPU
		{AD16EBA3-FC53-4403-8987-650D8D37A92C}.Debug|x64.Build.0 = Debug|Any CPU
		{AD16EBA3-FC53-4403-8987-650D8D37A92C}.Debug|x86.ActiveCfg = Debug|Any CPU
		{AD16EBA3-FC53-4403-8987-650D8D37A92C}.Debug|x86.Build.0 = Debug|Any CPU
		{AD16EBA3-FC53-4403-8987-650D8D37A92C}.Release|Any CPU.ActiveCfg = Release|Any CPU
		{AD16EBA3-FC53-4403-8987-650D8D37A92C}.Release|Any CPU.Build.0 = Release|Any CPU
		{AD16EBA3-FC53-4403-8987-650D8D37A92C}.Release|x64.ActiveCfg = Release|Any CPU
		{AD16EBA3-FC53-4403-8987-650D8D37A92C}.Release|x64.Build.0 = Release|Any CPU
		{AD16EBA3-FC53-4403-8987-650D8D37A92C}.Release|x86.ActiveCfg = Release|Any CPU
		{AD16EBA3-FC53-4403-8987-650D8D37A92C}.Release|x86.Build.0 = Release|Any CPU
		{127844D8-5F92-491F-998C-806238A8B6A7}.Debug|Any CPU.ActiveCfg = Debug|Any CPU
		{127844D8-5F92-491F-998C-806238A8B6A7}.Debug|Any CPU.Build.0 = Debug|Any CPU
		{127844D8-5F92-491F-998C-806238A8B6A7}.Debug|x64.ActiveCfg = Debug|Any CPU
		{127844D8-5F92-491F-998C-806238A8B6A7}.Debug|x64.Build.0 = Debug|Any CPU
		{127844D8-5F92-491F-998C-806238A8B6A7}.Debug|x86.ActiveCfg = Debug|Any CPU
		{127844D8-5F92-491F-998C-806238A8B6A7}.Debug|x86.Build.0 = Debug|Any CPU
		{127844D8-5F92-491F-998C-806238A8B6A7}.Release|Any CPU.ActiveCfg = Release|Any CPU
		{127844D8-5F92-491F-998C-806238A8B6A7}.Release|Any CPU.Build.0 = Release|Any CPU
		{127844D8-5F92-491F-998C-806238A8B6A7}.Release|x64.ActiveCfg = Release|Any CPU
		{127844D8-5F92-491F-998C-806238A8B6A7}.Release|x64.Build.0 = Release|Any CPU
		{127844D8-5F92-491F-998C-806238A8B6A7}.Release|x86.ActiveCfg = Release|Any CPU
		{127844D8-5F92-491F-998C-806238A8B6A7}.Release|x86.Build.0 = Release|Any CPU
		{6CF68516-1D20-4490-8678-57D4DCF9CD17}.Debug|Any CPU.ActiveCfg = Debug|Win32
		{6CF68516-1D20-4490-8678-57D4DCF9CD17}.Debug|x64.ActiveCfg = Debug|x64
		{6CF68516-1D20-4490-8678-57D4DCF9CD17}.Debug|x64.Build.0 = Debug|x64
		{6CF68516-1D20-4490-8678-57D4DCF9CD17}.Debug|x86.ActiveCfg = Debug|Win32
		{6CF68516-1D20-4490-8678-57D4DCF9CD17}.Debug|x86.Build.0 = Debug|Win32
		{6CF68516-1D20-4490-8678-57D4DCF9CD17}.Release|Any CPU.ActiveCfg = Release|Win32
		{6CF68516-1D20-4490-8678-57D4DCF9CD17}.Release|x64.ActiveCfg = Release|x64
		{6CF68516-1D20-4490-8678-57D4DCF9CD17}.Release|x64.Build.0 = Release|x64
		{6CF68516-1D20-4490-8678-57D4DCF9CD17}.Release|x86.ActiveCfg = Release|Win32
		{6CF68516-1D20-4490-8678-57D4DCF9CD17}.Release|x86.Build.0 = Release|Win32
		{8249FC51-35C1-4141-8AAF-796FD81414EF}.Debug|Any CPU.ActiveCfg = Debug|x64
		{8249FC51-35C1-4141-8AAF-796FD81414EF}.Debug|Any CPU.Build.0 = Debug|x64
		{8249FC51-35C1-4141-8AAF-796FD81414EF}.Debug|x64.ActiveCfg = Debug|x64
		{8249FC51-35C1-4141-8AAF-796FD81414EF}.Debug|x64.Build.0 = Debug|x64
		{8249FC51-35C1-4141-8AAF-796FD81414EF}.Debug|x86.ActiveCfg = Debug|Win32
		{8249FC51-35C1-4141-8AAF-796FD81414EF}.Debug|x86.Build.0 = Debug|Win32
		{8249FC51-35C1-4141-8AAF-796FD81414EF}.Release|Any CPU.ActiveCfg = Release|Win32
		{8249FC51-35C1-4141-8AAF-796FD81414EF}.Release|Any CPU.Build.0 = Release|Win32
		{8249FC51-35C1-4141-8AAF-796FD81414EF}.Release|x64.ActiveCfg = Release|x64
		{8249FC51-35C1-4141-8AAF-796FD81414EF}.Release|x64.Build.0 = Release|x64
		{8249FC51-35C1-4141-8AAF-796FD81414EF}.Release|x86.ActiveCfg = Release|Win32
		{8249FC51-35C1-4141-8AAF-796FD81414EF}.Release|x86.Build.0 = Release|Win32
	EndGlobalSection
	GlobalSection(SolutionProperties) = preSolution
		HideSolutionNode = FALSE
	EndGlobalSection
	GlobalSection(NestedProjects) = preSolution
		{AA69FE36-99DB-4FE9-9314-33517D792BCB} = {52223EF8-5F0C-4845-BFB1-FA79CD1554D9}
		{E7D4D256-7ED0-4DA1-B266-8E35557CDFD5} = {52223EF8-5F0C-4845-BFB1-FA79CD1554D9}
		{05346538-4515-4AE1-99F0-DDB34282BA8D} = {52223EF8-5F0C-4845-BFB1-FA79CD1554D9}
		{D1A30625-E765-4DB9-A159-929D1BB0B153} = {52223EF8-5F0C-4845-BFB1-FA79CD1554D9}
		{625A93B1-A716-4F62-A142-535DD851A5B5} = {52223EF8-5F0C-4845-BFB1-FA79CD1554D9}
		{43A85A50-3742-42A3-B73E-3E337C6692ED} = {52223EF8-5F0C-4845-BFB1-FA79CD1554D9}
		{AD16EBA3-FC53-4403-8987-650D8D37A92C} = {52223EF8-5F0C-4845-BFB1-FA79CD1554D9}
		{127844D8-5F92-491F-998C-806238A8B6A7} = {52223EF8-5F0C-4845-BFB1-FA79CD1554D9}
		{6CF68516-1D20-4490-8678-57D4DCF9CD17} = {5920780C-FB1C-444B-ABCD-680015DE3AEC}
		{8249FC51-35C1-4141-8AAF-796FD81414EF} = {52223EF8-5F0C-4845-BFB1-FA79CD1554D9}
	EndGlobalSection
	GlobalSection(ExtensibilityGlobals) = postSolution
		SolutionGuid = {6E579A48-4066-485C-9F3D-260F35772AB5}
	EndGlobalSection
EndGlobal
